PODS:
  - GPUImage (0.1.7)
  - HYBHelperKit (0.2.0):
    - Masonry (~> 1.0.1)
  - Masonry (1.0.2)
  - ReactiveCocoa (2.5):
    - ReactiveCocoa/UI (= 2.5)
  - ReactiveCocoa/Core (2.5):
    - ReactiveCocoa/no-arc
  - ReactiveCocoa/no-arc (2.5)
  - ReactiveCocoa/UI (2.5):
    - ReactiveCocoa/Core

DEPENDENCIES:
  - GPUImage (~> 0.1.7)
  - HYBHelperKit (~> 0.2.0)
  - ReactiveCocoa (~> 2.5)

SPEC CHECKSUMS:
  GPUImage: 733a5f0fab92df9de1c37ba9df520a833ccb406d
  HYBHelperKit: 504b3ef89778c1d7f4bd8faf0abfeed96cd2e5f9
  Masonry: 7c429b56da9d4ee0bbb3ed77a5ea710d6a5df39e
  ReactiveCocoa: e2db045570aa97c695e7aa97c2bcab222ae51f4a

PODFILE CHECKSUM: 647b84daaf6947d0672c49a29cd08fc0634a5e2e

COCOAPODS: 1.4.0.rc.1
