// !$*UTF8*$!
{
	archiveVersion = 1;
	classes = {
	};
	objectVersion = 48;
	objects = {

/* Begin PBXBuildFile section */
		2B3156081FD526320014AD7D /* LiveVideoVC.m in Sources */ = {isa = PBXBuildFile; fileRef = 2B3156071FD526320014AD7D /* LiveVideoVC.m */; };
		2B31560B1FD52B450014AD7D /* TakePhotoVC.m in Sources */ = {isa = PBXBuildFile; fileRef = 2B31560A1FD52B450014AD7D /* TakePhotoVC.m */; };
		2B31560E1FD52E6F0014AD7D /* ManulFilterVC.m in Sources */ = {isa = PBXBuildFile; fileRef = 2B31560D1FD52E6F0014AD7D /* ManulFilterVC.m */; };
		2B3156111FD532430014AD7D /* GroupFilterVC.m in Sources */ = {isa = PBXBuildFile; fileRef = 2B3156101FD532430014AD7D /* GroupFilterVC.m */; };
		2B6F39471FD02EFD0088F395 /* AppDelegate.m in Sources */ = {isa = PBXBuildFile; fileRef = 2B6F39461FD02EFD0088F395 /* AppDelegate.m */; };
		2B6F394A1FD02EFD0088F395 /* ViewController.m in Sources */ = {isa = PBXBuildFile; fileRef = 2B6F39491FD02EFD0088F395 /* ViewController.m */; };
		2B6F394D1FD02EFD0088F395 /* Main.storyboard in Resources */ = {isa = PBXBuildFile; fileRef = 2B6F394B1FD02EFD0088F395 /* Main.storyboard */; };
		2B6F394F1FD02EFD0088F395 /* Assets.xcassets in Resources */ = {isa = PBXBuildFile; fileRef = 2B6F394E1FD02EFD0088F395 /* Assets.xcassets */; };
		2B6F39521FD02EFD0088F395 /* LaunchScreen.storyboard in Resources */ = {isa = PBXBuildFile; fileRef = 2B6F39501FD02EFD0088F395 /* LaunchScreen.storyboard */; };
		2B6F39551FD02EFD0088F395 /* main.m in Sources */ = {isa = PBXBuildFile; fileRef = 2B6F39541FD02EFD0088F395 /* main.m */; };
		2B8963021FE761020063BD19 /* RawDataAndRawTextureVC.m in Sources */ = {isa = PBXBuildFile; fileRef = 2B8963011FE761020063BD19 /* RawDataAndRawTextureVC.m */; };
		2B8963061FE763440063BD19 /* LEEImageHelper.m in Sources */ = {isa = PBXBuildFile; fileRef = 2B8963041FE763440063BD19 /* LEEImageHelper.m */; };
		2B8963091FE797AA0063BD19 /* PinpleAndGroupVC.m in Sources */ = {isa = PBXBuildFile; fileRef = 2B8963081FE797AA0063BD19 /* PinpleAndGroupVC.m */; };
		2B89630C1FE79A4A0063BD19 /* LYImageFilterGroup.m in Sources */ = {isa = PBXBuildFile; fileRef = 2B89630B1FE79A4A0063BD19 /* LYImageFilterGroup.m */; };
		2B89630F1FE7A4EF0063BD19 /* MutipleInputVC.m in Sources */ = {isa = PBXBuildFile; fileRef = 2B89630E1FE7A4EF0063BD19 /* MutipleInputVC.m */; };
		2B8963121FE7C9CA0063BD19 /* LEEDiyLightFilter.m in Sources */ = {isa = PBXBuildFile; fileRef = 2B8963111FE7C9CA0063BD19 /* LEEDiyLightFilter.m */; };
		2B8963151FE7CB2A0063BD19 /* Diy1VC.m in Sources */ = {isa = PBXBuildFile; fileRef = 2B8963141FE7CB2A0063BD19 /* Diy1VC.m */; };
		2B8963181FE7D0FF0063BD19 /* DiyLightFilter.m in Sources */ = {isa = PBXBuildFile; fileRef = 2B8963171FE7D0FF0063BD19 /* DiyLightFilter.m */; };
		2B8D3E9B206B4A5200405656 /* VideoEditViewController.m in Sources */ = {isa = PBXBuildFile; fileRef = 2B8D3E9A206B4A5200405656 /* VideoEditViewController.m */; };
		2B8D3EA5206B65E600405656 /* OLCameraView.m in Sources */ = {isa = PBXBuildFile; fileRef = 2B8D3EA4206B65E600405656 /* OLCameraView.m */; };
		2B8D3EA8206B708600405656 /* OLTopToolView.m in Sources */ = {isa = PBXBuildFile; fileRef = 2B8D3EA7206B708600405656 /* OLTopToolView.m */; };
		2B8D3EAB206B709B00405656 /* OLBottomToolView.m in Sources */ = {isa = PBXBuildFile; fileRef = 2B8D3EAA206B709B00405656 /* OLBottomToolView.m */; };
		2B8D3EAE206B73C200405656 /* OLCameraViewController.m in Sources */ = {isa = PBXBuildFile; fileRef = 2B8D3EAD206B73C200405656 /* OLCameraViewController.m */; };
		2B8D3EB1206B76E600405656 /* OLBaseViewController.m in Sources */ = {isa = PBXBuildFile; fileRef = 2B8D3EB0206B76E600405656 /* OLBaseViewController.m */; };
		2B8D3EB4206B7A9D00405656 /* OLRecordButton.m in Sources */ = {isa = PBXBuildFile; fileRef = 2B8D3EB3206B7A9D00405656 /* OLRecordButton.m */; };
		2BEDA153206B9F2A0071906D /* OLCameraManager.m in Sources */ = {isa = PBXBuildFile; fileRef = 2BEDA152206B9F2A0071906D /* OLCameraManager.m */; };
		2BEDA156206B9F4D0071906D /* OLCameraRecordManager.m in Sources */ = {isa = PBXBuildFile; fileRef = 2BEDA155206B9F4D0071906D /* OLCameraRecordManager.m */; };
		2BEDA159206BA43D0071906D /* OLCameraSaveManager.m in Sources */ = {isa = PBXBuildFile; fileRef = 2BEDA158206BA43D0071906D /* OLCameraSaveManager.m */; };
		2BF363062046434B00F6266A /* EditViewController.m in Sources */ = {isa = PBXBuildFile; fileRef = 2BF363052046434B00F6266A /* EditViewController.m */; };
		2BF363092046435900F6266A /* PanelViewController.m in Sources */ = {isa = PBXBuildFile; fileRef = 2BF363082046435900F6266A /* PanelViewController.m */; };
		2BF3630C2046468500F6266A /* PanelView.m in Sources */ = {isa = PBXBuildFile; fileRef = 2BF3630B2046468500F6266A /* PanelView.m */; };
		2BF3630F2046500900F6266A /* BottomBarViewController.m in Sources */ = {isa = PBXBuildFile; fileRef = 2BF3630E2046500900F6266A /* BottomBarViewController.m */; };
		2BF3633D20465B2D00F6266A /* 22_脸部定位框@2x.png in Resources */ = {isa = PBXBuildFile; fileRef = 2BF3631120465B2C00F6266A /* 22_脸部定位框@2x.png */; };
		2BF3633E20465B2D00F6266A /* 22_脸部定位框@3x.png in Resources */ = {isa = PBXBuildFile; fileRef = 2BF3631220465B2C00F6266A /* 22_脸部定位框@3x.png */; };
		2BF3633F20465B2D00F6266A /* 2_返回@2x.png in Resources */ = {isa = PBXBuildFile; fileRef = 2BF3631320465B2C00F6266A /* 2_返回@2x.png */; };
		2BF3634020465B2D00F6266A /* 2_返回@3x.png in Resources */ = {isa = PBXBuildFile; fileRef = 2BF3631420465B2C00F6266A /* 2_返回@3x.png */; };
		2BF3634120465B2D00F6266A /* 3_弹窗提示@2x.png in Resources */ = {isa = PBXBuildFile; fileRef = 2BF3631520465B2C00F6266A /* 3_弹窗提示@2x.png */; };
		2BF3634220465B2D00F6266A /* 3_弹窗提示@3x.png in Resources */ = {isa = PBXBuildFile; fileRef = 2BF3631620465B2C00F6266A /* 3_弹窗提示@3x.png */; };
		2BF3634320465B2D00F6266A /* 4_闪光灯-关闭@2x.png in Resources */ = {isa = PBXBuildFile; fileRef = 2BF3631720465B2C00F6266A /* 4_闪光灯-关闭@2x.png */; };
		2BF3634420465B2D00F6266A /* 4_闪光灯-关闭@3x.png in Resources */ = {isa = PBXBuildFile; fileRef = 2BF3631820465B2C00F6266A /* 4_闪光灯-关闭@3x.png */; };
		2BF3634520465B2D00F6266A /* 5_闪光灯-打开@2x.png in Resources */ = {isa = PBXBuildFile; fileRef = 2BF3631920465B2C00F6266A /* 5_闪光灯-打开@2x.png */; };
		2BF3634620465B2D00F6266A /* 5_闪光灯-打开@3x.png in Resources */ = {isa = PBXBuildFile; fileRef = 2BF3631A20465B2C00F6266A /* 5_闪光灯-打开@3x.png */; };
		2BF3634720465B2D00F6266A /* 6_镜头翻转@2x.png in Resources */ = {isa = PBXBuildFile; fileRef = 2BF3631B20465B2C00F6266A /* 6_镜头翻转@2x.png */; };
		2BF3634820465B2D00F6266A /* 6_镜头翻转@3x.png in Resources */ = {isa = PBXBuildFile; fileRef = 2BF3631C20465B2C00F6266A /* 6_镜头翻转@3x.png */; };
		2BF3634920465B2D00F6266A /* ACAlbumBtn.m in Sources */ = {isa = PBXBuildFile; fileRef = 2BF3631E20465B2C00F6266A /* ACAlbumBtn.m */; };
		2BF3634A20465B2D00F6266A /* ACPhotoAlbumCell.m in Sources */ = {isa = PBXBuildFile; fileRef = 2BF3632020465B2C00F6266A /* ACPhotoAlbumCell.m */; };
		2BF3634B20465B2D00F6266A /* ACPhotoAlbumController.m in Sources */ = {isa = PBXBuildFile; fileRef = 2BF3632220465B2C00F6266A /* ACPhotoAlbumController.m */; };
		2BF3634C20465B2D00F6266A /* ACPhotoAsset.m in Sources */ = {isa = PBXBuildFile; fileRef = 2BF3632420465B2C00F6266A /* ACPhotoAsset.m */; };
		2BF3634D20465B2D00F6266A /* ACPhotoDetailController.m in Sources */ = {isa = PBXBuildFile; fileRef = 2BF3632620465B2C00F6266A /* ACPhotoDetailController.m */; };
		2BF3634E20465B2D00F6266A /* ACPhotoPickerCell.m in Sources */ = {isa = PBXBuildFile; fileRef = 2BF3632820465B2C00F6266A /* ACPhotoPickerCell.m */; };
		2BF3634F20465B2D00F6266A /* ACPhotoPickerController.m in Sources */ = {isa = PBXBuildFile; fileRef = 2BF3632A20465B2C00F6266A /* ACPhotoPickerController.m */; };
		2BF3635020465B2D00F6266A /* ALAsset+AC.m in Sources */ = {isa = PBXBuildFile; fileRef = 2BF3632C20465B2C00F6266A /* ALAsset+AC.m */; };
		2BF3635120465B2D00F6266A /* ALAssetsLibrary+AC.m in Sources */ = {isa = PBXBuildFile; fileRef = 2BF3632E20465B2C00F6266A /* ALAssetsLibrary+AC.m */; };
		2BF3635220465B2D00F6266A /* NSIndexSet+Convenience.m in Sources */ = {isa = PBXBuildFile; fileRef = 2BF3633020465B2C00F6266A /* NSIndexSet+Convenience.m */; };
		2BF3635320465B2D00F6266A /* NSString+ACFontSize.m in Sources */ = {isa = PBXBuildFile; fileRef = 2BF3633220465B2C00F6266A /* NSString+ACFontSize.m */; };
		2BF3635420465B2D00F6266A /* PHAsset+AC.m in Sources */ = {isa = PBXBuildFile; fileRef = 2BF3633420465B2C00F6266A /* PHAsset+AC.m */; };
		2BF3635520465B2D00F6266A /* UICollectionView+Convenience.m in Sources */ = {isa = PBXBuildFile; fileRef = 2BF3633620465B2C00F6266A /* UICollectionView+Convenience.m */; };
		2BF3635620465B2D00F6266A /* UIImage+ACCameraFixOrientation.m in Sources */ = {isa = PBXBuildFile; fileRef = 2BF3633820465B2C00F6266A /* UIImage+ACCameraFixOrientation.m */; };
		2BF3635720465B2D00F6266A /* UIView+ACCameraFrame.m in Sources */ = {isa = PBXBuildFile; fileRef = 2BF3633A20465B2C00F6266A /* UIView+ACCameraFrame.m */; };
		2BF3635820465B2D00F6266A /* 对焦框@2x.png in Resources */ = {isa = PBXBuildFile; fileRef = 2BF3633B20465B2C00F6266A /* 对焦框@2x.png */; };
		2BF3635920465B2D00F6266A /* 对焦框@3x.png in Resources */ = {isa = PBXBuildFile; fileRef = 2BF3633C20465B2C00F6266A /* 对焦框@3x.png */; };
		2BF3635E2046798000F6266A /* TwoInputFilter.m in Sources */ = {isa = PBXBuildFile; fileRef = 2BF3635D2046798000F6266A /* TwoInputFilter.m */; };
		2BF36361204792E500F6266A /* LookUpViewController.m in Sources */ = {isa = PBXBuildFile; fileRef = 2BF36360204792E500F6266A /* LookUpViewController.m */; };
		2BF363642047969700F6266A /* LookUpCell.m in Sources */ = {isa = PBXBuildFile; fileRef = 2BF363632047969700F6266A /* LookUpCell.m */; };
		2BF364082047A08200F6266A /* b4.png in Resources */ = {isa = PBXBuildFile; fileRef = 2BF363662047A08100F6266A /* b4.png */; };
		2BF364092047A08200F6266A /* 亮光.jpg in Resources */ = {isa = PBXBuildFile; fileRef = 2BF363682047A08100F6266A /* 亮光.jpg */; };
		2BF3640A2047A08200F6266A /* 变亮.jpg in Resources */ = {isa = PBXBuildFile; fileRef = 2BF363692047A08100F6266A /* 变亮.jpg */; };
		2BF3640B2047A08200F6266A /* 变暗.jpg in Resources */ = {isa = PBXBuildFile; fileRef = 2BF3636A2047A08100F6266A /* 变暗.jpg */; };
		2BF3640C2047A08200F6266A /* 差值.jpg in Resources */ = {isa = PBXBuildFile; fileRef = 2BF3636B2047A08100F6266A /* 差值.jpg */; };
		2BF3640D2047A08200F6266A /* 强光.jpg in Resources */ = {isa = PBXBuildFile; fileRef = 2BF3636C2047A08100F6266A /* 强光.jpg */; };
		2BF3640E2047A08200F6266A /* 排除.jpg in Resources */ = {isa = PBXBuildFile; fileRef = 2BF3636D2047A08100F6266A /* 排除.jpg */; };
		2BF3640F2047A08200F6266A /* 柔光.jpg in Resources */ = {isa = PBXBuildFile; fileRef = 2BF3636E2047A08100F6266A /* 柔光.jpg */; };
		2BF364102047A08200F6266A /* 正常.jpg in Resources */ = {isa = PBXBuildFile; fileRef = 2BF3636F2047A08100F6266A /* 正常.jpg */; };
		2BF364112047A08200F6266A /* 正片叠底.jpg in Resources */ = {isa = PBXBuildFile; fileRef = 2BF363702047A08100F6266A /* 正片叠底.jpg */; };
		2BF364122047A08200F6266A /* 滤色.jpg in Resources */ = {isa = PBXBuildFile; fileRef = 2BF363712047A08100F6266A /* 滤色.jpg */; };
		2BF364132047A08200F6266A /* 线性光.jpg in Resources */ = {isa = PBXBuildFile; fileRef = 2BF363722047A08100F6266A /* 线性光.jpg */; };
		2BF364142047A08200F6266A /* 线性加深.jpg in Resources */ = {isa = PBXBuildFile; fileRef = 2BF363732047A08100F6266A /* 线性加深.jpg */; };
		2BF364152047A08200F6266A /* 颜色减淡.jpg in Resources */ = {isa = PBXBuildFile; fileRef = 2BF363742047A08100F6266A /* 颜色减淡.jpg */; };
		2BF364162047A08200F6266A /* 颜色加深.jpg in Resources */ = {isa = PBXBuildFile; fileRef = 2BF363752047A08100F6266A /* 颜色加深.jpg */; };
		2BF364172047A08200F6266A /* BaiduReportInfo.plist in Resources */ = {isa = PBXBuildFile; fileRef = 2BF363772047A08100F6266A /* BaiduReportInfo.plist */; };
		2BF364182047A08200F6266A /* BlendModes.plist in Resources */ = {isa = PBXBuildFile; fileRef = 2BF363782047A08100F6266A /* BlendModes.plist */; };
		2BF364192047A08200F6266A /* CLReportingInfo.plist in Resources */ = {isa = PBXBuildFile; fileRef = 2BF363792047A08100F6266A /* CLReportingInfo.plist */; };
		2BF3641A2047A08200F6266A /* DefaultLocation.json in Resources */ = {isa = PBXBuildFile; fileRef = 2BF3637A2047A08100F6266A /* DefaultLocation.json */; };
		2BF3641B2047A08200F6266A /* Filters.plist in Resources */ = {isa = PBXBuildFile; fileRef = 2BF3637B2047A08100F6266A /* Filters.plist */; };
		2BF3641C2047A08200F6266A /* LoginCountryAndAreaCode.json in Resources */ = {isa = PBXBuildFile; fileRef = 2BF3637C2047A08100F6266A /* LoginCountryAndAreaCode.json */; };
		2BF3641D2047A08200F6266A /* Masks.plist in Resources */ = {isa = PBXBuildFile; fileRef = 2BF3637D2047A08100F6266A /* Masks.plist */; };
		2BF3641E2047A08200F6266A /* SensorsAppClickInfo.plist in Resources */ = {isa = PBXBuildFile; fileRef = 2BF3637E2047A08100F6266A /* SensorsAppClickInfo.plist */; };
		2BF3641F2047A08200F6266A /* SensorsViewScreenInfo.plist in Resources */ = {isa = PBXBuildFile; fileRef = 2BF3637F2047A08100F6266A /* SensorsViewScreenInfo.plist */; };
		2BF3649A2047A08200F6266A /* Loading.bundle in Resources */ = {isa = PBXBuildFile; fileRef = 2BF364052047A08200F6266A /* Loading.bundle */; };
		2BF3649B2047A08200F6266A /* shareImage.jpg in Resources */ = {isa = PBXBuildFile; fileRef = 2BF364062047A08200F6266A /* shareImage.jpg */; };
		2BF3649C2047A08200F6266A /* shareUrlImage.jpg in Resources */ = {isa = PBXBuildFile; fileRef = 2BF364072047A08200F6266A /* shareUrlImage.jpg */; };
		2BF364A02047A90500F6266A /* Filters in Resources */ = {isa = PBXBuildFile; fileRef = 2BF3649F2047A90500F6266A /* Filters */; };
		2BF364A32047AD9A00F6266A /* LookUpFilter.m in Sources */ = {isa = PBXBuildFile; fileRef = 2BF364A22047AD9A00F6266A /* LookUpFilter.m */; };
		2BF364A52047E34900F6266A /* Normal.png in Resources */ = {isa = PBXBuildFile; fileRef = 2BF364A42047E34900F6266A /* Normal.png */; };
		2BF364A82047E9A600F6266A /* MaskViewController.m in Sources */ = {isa = PBXBuildFile; fileRef = 2BF364A72047E9A600F6266A /* MaskViewController.m */; };
		2BF364AA2047F45000F6266A /* Masks in Resources */ = {isa = PBXBuildFile; fileRef = 2BF364A92047F45000F6266A /* Masks */; };
		2BF364AC2049255D00F6266A /* mask0.jpg in Resources */ = {isa = PBXBuildFile; fileRef = 2BF364AB2049255C00F6266A /* mask0.jpg */; };
		2BFA46F91FDE1C150049D7B6 /* TwoPicEditVC.m in Sources */ = {isa = PBXBuildFile; fileRef = 2BFA46F71FDE1C150049D7B6 /* TwoPicEditVC.m */; };
		2BFA46FA1FDE1C150049D7B6 /* TwoPicEditVC.xib in Resources */ = {isa = PBXBuildFile; fileRef = 2BFA46F81FDE1C150049D7B6 /* TwoPicEditVC.xib */; };
		2BFA470D1FE0F2900049D7B6 /* GPUBlurViewVC.m in Sources */ = {isa = PBXBuildFile; fileRef = 2BFA470C1FE0F2900049D7B6 /* GPUBlurViewVC.m */; };
		2BFA47101FE0F9CA0049D7B6 /* ProsumerAsyncQueue.m in Sources */ = {isa = PBXBuildFile; fileRef = 2BFA470F1FE0F9C90049D7B6 /* ProsumerAsyncQueue.m */; };
		2BFA47131FE1011E0049D7B6 /* ACBlurView.m in Sources */ = {isa = PBXBuildFile; fileRef = 2BFA47121FE1011D0049D7B6 /* ACBlurView.m */; };
		B61BA5811FD828D4004B2D01 /* MutipleFilterVC.m in Sources */ = {isa = PBXBuildFile; fileRef = B61BA5801FD828D4004B2D01 /* MutipleFilterVC.m */; };
		B638B0C01FD3A1340062DFAD /* FilterDemoVC.m in Sources */ = {isa = PBXBuildFile; fileRef = B638B0BF1FD3A1340062DFAD /* FilterDemoVC.m */; };
		B638B0C91FD3F2B20062DFAD /* FilteringlivevideoVC.m in Sources */ = {isa = PBXBuildFile; fileRef = B638B0C81FD3F2B20062DFAD /* FilteringlivevideoVC.m */; };
		B638B0CF1FD3F7410062DFAD /* Capturingfilteringstillphoto.m in Sources */ = {isa = PBXBuildFile; fileRef = B638B0CE1FD3F7410062DFAD /* Capturingfilteringstillphoto.m */; };
		B638B0D21FD3FB780062DFAD /* ProcessingstillimageVC.m in Sources */ = {isa = PBXBuildFile; fileRef = B638B0D11FD3FB780062DFAD /* ProcessingstillimageVC.m */; };
		B638B0D51FD402780062DFAD /* WritingcustomfilterVC.m in Sources */ = {isa = PBXBuildFile; fileRef = B638B0D41FD402780062DFAD /* WritingcustomfilterVC.m */; };
		B675153D1FE807300095A2D5 /* lookupVC.m in Sources */ = {isa = PBXBuildFile; fileRef = B675153C1FE807300095A2D5 /* lookupVC.m */; };
		B69B6891206BC4F3000651FB /* OLImageBeautyFilter.m in Sources */ = {isa = PBXBuildFile; fileRef = B69B6890206BC4F3000651FB /* OLImageBeautyFilter.m */; };
		BBA06A74838A344F73B0F9D8 /* libPods-GPUImageDemo.a in Frameworks */ = {isa = PBXBuildFile; fileRef = 2AD139D4CF4927D290159F50 /* libPods-GPUImageDemo.a */; };
/* End PBXBuildFile section */

/* Begin PBXFileReference section */
		2AD139D4CF4927D290159F50 /* libPods-GPUImageDemo.a */ = {isa = PBXFileReference; explicitFileType = archive.ar; includeInIndex = 0; path = "libPods-GPUImageDemo.a"; sourceTree = BUILT_PRODUCTS_DIR; };
		2B3156061FD526320014AD7D /* LiveVideoVC.h */ = {isa = PBXFileReference; lastKnownFileType = sourcecode.c.h; path = LiveVideoVC.h; sourceTree = "<group>"; };
		2B3156071FD526320014AD7D /* LiveVideoVC.m */ = {isa = PBXFileReference; lastKnownFileType = sourcecode.c.objc; path = LiveVideoVC.m; sourceTree = "<group>"; };
		2B3156091FD52B450014AD7D /* TakePhotoVC.h */ = {isa = PBXFileReference; lastKnownFileType = sourcecode.c.h; path = TakePhotoVC.h; sourceTree = "<group>"; };
		2B31560A1FD52B450014AD7D /* TakePhotoVC.m */ = {isa = PBXFileReference; lastKnownFileType = sourcecode.c.objc; path = TakePhotoVC.m; sourceTree = "<group>"; };
		2B31560C1FD52E6F0014AD7D /* ManulFilterVC.h */ = {isa = PBXFileReference; lastKnownFileType = sourcecode.c.h; path = ManulFilterVC.h; sourceTree = "<group>"; };
		2B31560D1FD52E6F0014AD7D /* ManulFilterVC.m */ = {isa = PBXFileReference; lastKnownFileType = sourcecode.c.objc; path = ManulFilterVC.m; sourceTree = "<group>"; };
		2B31560F1FD532430014AD7D /* GroupFilterVC.h */ = {isa = PBXFileReference; lastKnownFileType = sourcecode.c.h; path = GroupFilterVC.h; sourceTree = "<group>"; };
		2B3156101FD532430014AD7D /* GroupFilterVC.m */ = {isa = PBXFileReference; lastKnownFileType = sourcecode.c.objc; path = GroupFilterVC.m; sourceTree = "<group>"; };
		2B6F39421FD02EFD0088F395 /* GPUImageDemo.app */ = {isa = PBXFileReference; explicitFileType = wrapper.application; includeInIndex = 0; path = GPUImageDemo.app; sourceTree = BUILT_PRODUCTS_DIR; };
		2B6F39451FD02EFD0088F395 /* AppDelegate.h */ = {isa = PBXFileReference; lastKnownFileType = sourcecode.c.h; path = AppDelegate.h; sourceTree = "<group>"; };
		2B6F39461FD02EFD0088F395 /* AppDelegate.m */ = {isa = PBXFileReference; lastKnownFileType = sourcecode.c.objc; path = AppDelegate.m; sourceTree = "<group>"; };
		2B6F39481FD02EFD0088F395 /* ViewController.h */ = {isa = PBXFileReference; lastKnownFileType = sourcecode.c.h; path = ViewController.h; sourceTree = "<group>"; };
		2B6F39491FD02EFD0088F395 /* ViewController.m */ = {isa = PBXFileReference; lastKnownFileType = sourcecode.c.objc; path = ViewController.m; sourceTree = "<group>"; };
		2B6F394C1FD02EFD0088F395 /* Base */ = {isa = PBXFileReference; lastKnownFileType = file.storyboard; name = Base; path = Base.lproj/Main.storyboard; sourceTree = "<group>"; };
		2B6F394E1FD02EFD0088F395 /* Assets.xcassets */ = {isa = PBXFileReference; lastKnownFileType = folder.assetcatalog; path = Assets.xcassets; sourceTree = "<group>"; };
		2B6F39511FD02EFD0088F395 /* Base */ = {isa = PBXFileReference; lastKnownFileType = file.storyboard; name = Base; path = Base.lproj/LaunchScreen.storyboard; sourceTree = "<group>"; };
		2B6F39531FD02EFD0088F395 /* Info.plist */ = {isa = PBXFileReference; lastKnownFileType = text.plist.xml; path = Info.plist; sourceTree = "<group>"; };
		2B6F39541FD02EFD0088F395 /* main.m */ = {isa = PBXFileReference; lastKnownFileType = sourcecode.c.objc; path = main.m; sourceTree = "<group>"; };
		2B8963001FE761020063BD19 /* RawDataAndRawTextureVC.h */ = {isa = PBXFileReference; lastKnownFileType = sourcecode.c.h; path = RawDataAndRawTextureVC.h; sourceTree = "<group>"; };
		2B8963011FE761020063BD19 /* RawDataAndRawTextureVC.m */ = {isa = PBXFileReference; lastKnownFileType = sourcecode.c.objc; path = RawDataAndRawTextureVC.m; sourceTree = "<group>"; };
		2B8963041FE763440063BD19 /* LEEImageHelper.m */ = {isa = PBXFileReference; lastKnownFileType = sourcecode.c.objc; path = LEEImageHelper.m; sourceTree = "<group>"; };
		2B8963051FE763440063BD19 /* LEEImageHelper.h */ = {isa = PBXFileReference; lastKnownFileType = sourcecode.c.h; path = LEEImageHelper.h; sourceTree = "<group>"; };
		2B8963071FE797AA0063BD19 /* PinpleAndGroupVC.h */ = {isa = PBXFileReference; lastKnownFileType = sourcecode.c.h; path = PinpleAndGroupVC.h; sourceTree = "<group>"; };
		2B8963081FE797AA0063BD19 /* PinpleAndGroupVC.m */ = {isa = PBXFileReference; lastKnownFileType = sourcecode.c.objc; path = PinpleAndGroupVC.m; sourceTree = "<group>"; };
		2B89630A1FE79A4A0063BD19 /* LYImageFilterGroup.h */ = {isa = PBXFileReference; lastKnownFileType = sourcecode.c.h; path = LYImageFilterGroup.h; sourceTree = "<group>"; };
		2B89630B1FE79A4A0063BD19 /* LYImageFilterGroup.m */ = {isa = PBXFileReference; lastKnownFileType = sourcecode.c.objc; path = LYImageFilterGroup.m; sourceTree = "<group>"; };
		2B89630D1FE7A4EF0063BD19 /* MutipleInputVC.h */ = {isa = PBXFileReference; lastKnownFileType = sourcecode.c.h; path = MutipleInputVC.h; sourceTree = "<group>"; };
		2B89630E1FE7A4EF0063BD19 /* MutipleInputVC.m */ = {isa = PBXFileReference; lastKnownFileType = sourcecode.c.objc; path = MutipleInputVC.m; sourceTree = "<group>"; };
		2B8963101FE7C9CA0063BD19 /* LEEDiyLightFilter.h */ = {isa = PBXFileReference; lastKnownFileType = sourcecode.c.h; path = LEEDiyLightFilter.h; sourceTree = "<group>"; };
		2B8963111FE7C9CA0063BD19 /* LEEDiyLightFilter.m */ = {isa = PBXFileReference; lastKnownFileType = sourcecode.c.objc; path = LEEDiyLightFilter.m; sourceTree = "<group>"; };
		2B8963131FE7CB2A0063BD19 /* Diy1VC.h */ = {isa = PBXFileReference; lastKnownFileType = sourcecode.c.h; path = Diy1VC.h; sourceTree = "<group>"; };
		2B8963141FE7CB2A0063BD19 /* Diy1VC.m */ = {isa = PBXFileReference; lastKnownFileType = sourcecode.c.objc; path = Diy1VC.m; sourceTree = "<group>"; };
		2B8963161FE7D0FF0063BD19 /* DiyLightFilter.h */ = {isa = PBXFileReference; lastKnownFileType = sourcecode.c.h; path = DiyLightFilter.h; sourceTree = "<group>"; };
		2B8963171FE7D0FF0063BD19 /* DiyLightFilter.m */ = {isa = PBXFileReference; lastKnownFileType = sourcecode.c.objc; path = DiyLightFilter.m; sourceTree = "<group>"; };
		2B8D3E99206B4A5200405656 /* VideoEditViewController.h */ = {isa = PBXFileReference; lastKnownFileType = sourcecode.c.h; path = VideoEditViewController.h; sourceTree = "<group>"; };
		2B8D3E9A206B4A5200405656 /* VideoEditViewController.m */ = {isa = PBXFileReference; lastKnownFileType = sourcecode.c.objc; path = VideoEditViewController.m; sourceTree = "<group>"; };
		2B8D3EA3206B65E600405656 /* OLCameraView.h */ = {isa = PBXFileReference; lastKnownFileType = sourcecode.c.h; path = OLCameraView.h; sourceTree = "<group>"; };
		2B8D3EA4206B65E600405656 /* OLCameraView.m */ = {isa = PBXFileReference; lastKnownFileType = sourcecode.c.objc; path = OLCameraView.m; sourceTree = "<group>"; };
		2B8D3EA6206B708600405656 /* OLTopToolView.h */ = {isa = PBXFileReference; lastKnownFileType = sourcecode.c.h; path = OLTopToolView.h; sourceTree = "<group>"; };
		2B8D3EA7206B708600405656 /* OLTopToolView.m */ = {isa = PBXFileReference; lastKnownFileType = sourcecode.c.objc; path = OLTopToolView.m; sourceTree = "<group>"; };
		2B8D3EA9206B709B00405656 /* OLBottomToolView.h */ = {isa = PBXFileReference; lastKnownFileType = sourcecode.c.h; path = OLBottomToolView.h; sourceTree = "<group>"; };
		2B8D3EAA206B709B00405656 /* OLBottomToolView.m */ = {isa = PBXFileReference; lastKnownFileType = sourcecode.c.objc; path = OLBottomToolView.m; sourceTree = "<group>"; };
		2B8D3EAC206B73C200405656 /* OLCameraViewController.h */ = {isa = PBXFileReference; lastKnownFileType = sourcecode.c.h; path = OLCameraViewController.h; sourceTree = "<group>"; };
		2B8D3EAD206B73C200405656 /* OLCameraViewController.m */ = {isa = PBXFileReference; lastKnownFileType = sourcecode.c.objc; path = OLCameraViewController.m; sourceTree = "<group>"; };
		2B8D3EAF206B76E600405656 /* OLBaseViewController.h */ = {isa = PBXFileReference; lastKnownFileType = sourcecode.c.h; path = OLBaseViewController.h; sourceTree = "<group>"; };
		2B8D3EB0206B76E600405656 /* OLBaseViewController.m */ = {isa = PBXFileReference; lastKnownFileType = sourcecode.c.objc; path = OLBaseViewController.m; sourceTree = "<group>"; };
		2B8D3EB2206B7A9D00405656 /* OLRecordButton.h */ = {isa = PBXFileReference; lastKnownFileType = sourcecode.c.h; path = OLRecordButton.h; sourceTree = "<group>"; };
		2B8D3EB3206B7A9D00405656 /* OLRecordButton.m */ = {isa = PBXFileReference; lastKnownFileType = sourcecode.c.objc; path = OLRecordButton.m; sourceTree = "<group>"; };
		2BEDA151206B9F2A0071906D /* OLCameraManager.h */ = {isa = PBXFileReference; lastKnownFileType = sourcecode.c.h; path = OLCameraManager.h; sourceTree = "<group>"; };
		2BEDA152206B9F2A0071906D /* OLCameraManager.m */ = {isa = PBXFileReference; lastKnownFileType = sourcecode.c.objc; path = OLCameraManager.m; sourceTree = "<group>"; };
		2BEDA154206B9F4D0071906D /* OLCameraRecordManager.h */ = {isa = PBXFileReference; lastKnownFileType = sourcecode.c.h; path = OLCameraRecordManager.h; sourceTree = "<group>"; };
		2BEDA155206B9F4D0071906D /* OLCameraRecordManager.m */ = {isa = PBXFileReference; lastKnownFileType = sourcecode.c.objc; path = OLCameraRecordManager.m; sourceTree = "<group>"; };
		2BEDA157206BA43D0071906D /* OLCameraSaveManager.h */ = {isa = PBXFileReference; lastKnownFileType = sourcecode.c.h; path = OLCameraSaveManager.h; sourceTree = "<group>"; };
		2BEDA158206BA43D0071906D /* OLCameraSaveManager.m */ = {isa = PBXFileReference; lastKnownFileType = sourcecode.c.objc; path = OLCameraSaveManager.m; sourceTree = "<group>"; };
		2BF363042046434B00F6266A /* EditViewController.h */ = {isa = PBXFileReference; lastKnownFileType = sourcecode.c.h; path = EditViewController.h; sourceTree = "<group>"; };
		2BF363052046434B00F6266A /* EditViewController.m */ = {isa = PBXFileReference; lastKnownFileType = sourcecode.c.objc; path = EditViewController.m; sourceTree = "<group>"; };
		2BF363072046435900F6266A /* PanelViewController.h */ = {isa = PBXFileReference; lastKnownFileType = sourcecode.c.h; path = PanelViewController.h; sourceTree = "<group>"; };
		2BF363082046435900F6266A /* PanelViewController.m */ = {isa = PBXFileReference; lastKnownFileType = sourcecode.c.objc; path = PanelViewController.m; sourceTree = "<group>"; };
		2BF3630A2046468500F6266A /* PanelView.h */ = {isa = PBXFileReference; lastKnownFileType = sourcecode.c.h; path = PanelView.h; sourceTree = "<group>"; };
		2BF3630B2046468500F6266A /* PanelView.m */ = {isa = PBXFileReference; lastKnownFileType = sourcecode.c.objc; path = PanelView.m; sourceTree = "<group>"; };
		2BF3630D2046500900F6266A /* BottomBarViewController.h */ = {isa = PBXFileReference; lastKnownFileType = sourcecode.c.h; path = BottomBarViewController.h; sourceTree = "<group>"; };
		2BF3630E2046500900F6266A /* BottomBarViewController.m */ = {isa = PBXFileReference; lastKnownFileType = sourcecode.c.objc; path = BottomBarViewController.m; sourceTree = "<group>"; };
		2BF3631120465B2C00F6266A /* 22_脸部定位框@2x.png */ = {isa = PBXFileReference; lastKnownFileType = image.png; path = "22_脸部定位框@2x.png"; sourceTree = "<group>"; };
		2BF3631220465B2C00F6266A /* 22_脸部定位框@3x.png */ = {isa = PBXFileReference; lastKnownFileType = image.png; path = "22_脸部定位框@3x.png"; sourceTree = "<group>"; };
		2BF3631320465B2C00F6266A /* 2_返回@2x.png */ = {isa = PBXFileReference; lastKnownFileType = image.png; path = "2_返回@2x.png"; sourceTree = "<group>"; };
		2BF3631420465B2C00F6266A /* 2_返回@3x.png */ = {isa = PBXFileReference; lastKnownFileType = image.png; path = "2_返回@3x.png"; sourceTree = "<group>"; };
		2BF3631520465B2C00F6266A /* 3_弹窗提示@2x.png */ = {isa = PBXFileReference; lastKnownFileType = image.png; path = "3_弹窗提示@2x.png"; sourceTree = "<group>"; };
		2BF3631620465B2C00F6266A /* 3_弹窗提示@3x.png */ = {isa = PBXFileReference; lastKnownFileType = image.png; path = "3_弹窗提示@3x.png"; sourceTree = "<group>"; };
		2BF3631720465B2C00F6266A /* 4_闪光灯-关闭@2x.png */ = {isa = PBXFileReference; lastKnownFileType = image.png; path = "4_闪光灯-关闭@2x.png"; sourceTree = "<group>"; };
		2BF3631820465B2C00F6266A /* 4_闪光灯-关闭@3x.png */ = {isa = PBXFileReference; lastKnownFileType = image.png; path = "4_闪光灯-关闭@3x.png"; sourceTree = "<group>"; };
		2BF3631920465B2C00F6266A /* 5_闪光灯-打开@2x.png */ = {isa = PBXFileReference; lastKnownFileType = image.png; path = "5_闪光灯-打开@2x.png"; sourceTree = "<group>"; };
		2BF3631A20465B2C00F6266A /* 5_闪光灯-打开@3x.png */ = {isa = PBXFileReference; lastKnownFileType = image.png; path = "5_闪光灯-打开@3x.png"; sourceTree = "<group>"; };
		2BF3631B20465B2C00F6266A /* 6_镜头翻转@2x.png */ = {isa = PBXFileReference; lastKnownFileType = image.png; path = "6_镜头翻转@2x.png"; sourceTree = "<group>"; };
		2BF3631C20465B2C00F6266A /* 6_镜头翻转@3x.png */ = {isa = PBXFileReference; lastKnownFileType = image.png; path = "6_镜头翻转@3x.png"; sourceTree = "<group>"; };
		2BF3631D20465B2C00F6266A /* ACAlbumBtn.h */ = {isa = PBXFileReference; fileEncoding = 4; lastKnownFileType = sourcecode.c.h; path = ACAlbumBtn.h; sourceTree = "<group>"; };
		2BF3631E20465B2C00F6266A /* ACAlbumBtn.m */ = {isa = PBXFileReference; fileEncoding = 4; lastKnownFileType = sourcecode.c.objc; path = ACAlbumBtn.m; sourceTree = "<group>"; };
		2BF3631F20465B2C00F6266A /* ACPhotoAlbumCell.h */ = {isa = PBXFileReference; fileEncoding = 4; lastKnownFileType = sourcecode.c.h; path = ACPhotoAlbumCell.h; sourceTree = "<group>"; };
		2BF3632020465B2C00F6266A /* ACPhotoAlbumCell.m */ = {isa = PBXFileReference; fileEncoding = 4; lastKnownFileType = sourcecode.c.objc; path = ACPhotoAlbumCell.m; sourceTree = "<group>"; };
		2BF3632120465B2C00F6266A /* ACPhotoAlbumController.h */ = {isa = PBXFileReference; fileEncoding = 4; lastKnownFileType = sourcecode.c.h; path = ACPhotoAlbumController.h; sourceTree = "<group>"; };
		2BF3632220465B2C00F6266A /* ACPhotoAlbumController.m */ = {isa = PBXFileReference; fileEncoding = 4; lastKnownFileType = sourcecode.c.objc; path = ACPhotoAlbumController.m; sourceTree = "<group>"; };
		2BF3632320465B2C00F6266A /* ACPhotoAsset.h */ = {isa = PBXFileReference; fileEncoding = 4; lastKnownFileType = sourcecode.c.h; path = ACPhotoAsset.h; sourceTree = "<group>"; };
		2BF3632420465B2C00F6266A /* ACPhotoAsset.m */ = {isa = PBXFileReference; fileEncoding = 4; lastKnownFileType = sourcecode.c.objc; path = ACPhotoAsset.m; sourceTree = "<group>"; };
		2BF3632520465B2C00F6266A /* ACPhotoDetailController.h */ = {isa = PBXFileReference; fileEncoding = 4; lastKnownFileType = sourcecode.c.h; path = ACPhotoDetailController.h; sourceTree = "<group>"; };
		2BF3632620465B2C00F6266A /* ACPhotoDetailController.m */ = {isa = PBXFileReference; fileEncoding = 4; lastKnownFileType = sourcecode.c.objc; path = ACPhotoDetailController.m; sourceTree = "<group>"; };
		2BF3632720465B2C00F6266A /* ACPhotoPickerCell.h */ = {isa = PBXFileReference; fileEncoding = 4; lastKnownFileType = sourcecode.c.h; path = ACPhotoPickerCell.h; sourceTree = "<group>"; };
		2BF3632820465B2C00F6266A /* ACPhotoPickerCell.m */ = {isa = PBXFileReference; fileEncoding = 4; lastKnownFileType = sourcecode.c.objc; path = ACPhotoPickerCell.m; sourceTree = "<group>"; };
		2BF3632920465B2C00F6266A /* ACPhotoPickerController.h */ = {isa = PBXFileReference; fileEncoding = 4; lastKnownFileType = sourcecode.c.h; path = ACPhotoPickerController.h; sourceTree = "<group>"; };
		2BF3632A20465B2C00F6266A /* ACPhotoPickerController.m */ = {isa = PBXFileReference; fileEncoding = 4; lastKnownFileType = sourcecode.c.objc; path = ACPhotoPickerController.m; sourceTree = "<group>"; };
		2BF3632B20465B2C00F6266A /* ALAsset+AC.h */ = {isa = PBXFileReference; fileEncoding = 4; lastKnownFileType = sourcecode.c.h; path = "ALAsset+AC.h"; sourceTree = "<group>"; };
		2BF3632C20465B2C00F6266A /* ALAsset+AC.m */ = {isa = PBXFileReference; fileEncoding = 4; lastKnownFileType = sourcecode.c.objc; path = "ALAsset+AC.m"; sourceTree = "<group>"; };
		2BF3632D20465B2C00F6266A /* ALAssetsLibrary+AC.h */ = {isa = PBXFileReference; fileEncoding = 4; lastKnownFileType = sourcecode.c.h; path = "ALAssetsLibrary+AC.h"; sourceTree = "<group>"; };
		2BF3632E20465B2C00F6266A /* ALAssetsLibrary+AC.m */ = {isa = PBXFileReference; fileEncoding = 4; lastKnownFileType = sourcecode.c.objc; path = "ALAssetsLibrary+AC.m"; sourceTree = "<group>"; };
		2BF3632F20465B2C00F6266A /* NSIndexSet+Convenience.h */ = {isa = PBXFileReference; fileEncoding = 4; lastKnownFileType = sourcecode.c.h; path = "NSIndexSet+Convenience.h"; sourceTree = "<group>"; };
		2BF3633020465B2C00F6266A /* NSIndexSet+Convenience.m */ = {isa = PBXFileReference; fileEncoding = 4; lastKnownFileType = sourcecode.c.objc; path = "NSIndexSet+Convenience.m"; sourceTree = "<group>"; };
		2BF3633120465B2C00F6266A /* NSString+ACFontSize.h */ = {isa = PBXFileReference; fileEncoding = 4; lastKnownFileType = sourcecode.c.h; path = "NSString+ACFontSize.h"; sourceTree = "<group>"; };
		2BF3633220465B2C00F6266A /* NSString+ACFontSize.m */ = {isa = PBXFileReference; fileEncoding = 4; lastKnownFileType = sourcecode.c.objc; path = "NSString+ACFontSize.m"; sourceTree = "<group>"; };
		2BF3633320465B2C00F6266A /* PHAsset+AC.h */ = {isa = PBXFileReference; fileEncoding = 4; lastKnownFileType = sourcecode.c.h; path = "PHAsset+AC.h"; sourceTree = "<group>"; };
		2BF3633420465B2C00F6266A /* PHAsset+AC.m */ = {isa = PBXFileReference; fileEncoding = 4; lastKnownFileType = sourcecode.c.objc; path = "PHAsset+AC.m"; sourceTree = "<group>"; };
		2BF3633520465B2C00F6266A /* UICollectionView+Convenience.h */ = {isa = PBXFileReference; fileEncoding = 4; lastKnownFileType = sourcecode.c.h; path = "UICollectionView+Convenience.h"; sourceTree = "<group>"; };
		2BF3633620465B2C00F6266A /* UICollectionView+Convenience.m */ = {isa = PBXFileReference; fileEncoding = 4; lastKnownFileType = sourcecode.c.objc; path = "UICollectionView+Convenience.m"; sourceTree = "<group>"; };
		2BF3633720465B2C00F6266A /* UIImage+ACCameraFixOrientation.h */ = {isa = PBXFileReference; fileEncoding = 4; lastKnownFileType = sourcecode.c.h; path = "UIImage+ACCameraFixOrientation.h"; sourceTree = "<group>"; };
		2BF3633820465B2C00F6266A /* UIImage+ACCameraFixOrientation.m */ = {isa = PBXFileReference; fileEncoding = 4; lastKnownFileType = sourcecode.c.objc; path = "UIImage+ACCameraFixOrientation.m"; sourceTree = "<group>"; };
		2BF3633920465B2C00F6266A /* UIView+ACCameraFrame.h */ = {isa = PBXFileReference; fileEncoding = 4; lastKnownFileType = sourcecode.c.h; path = "UIView+ACCameraFrame.h"; sourceTree = "<group>"; };
		2BF3633A20465B2C00F6266A /* UIView+ACCameraFrame.m */ = {isa = PBXFileReference; fileEncoding = 4; lastKnownFileType = sourcecode.c.objc; path = "UIView+ACCameraFrame.m"; sourceTree = "<group>"; };
		2BF3633B20465B2C00F6266A /* 对焦框@2x.png */ = {isa = PBXFileReference; lastKnownFileType = image.png; path = "对焦框@2x.png"; sourceTree = "<group>"; };
		2BF3633C20465B2C00F6266A /* 对焦框@3x.png */ = {isa = PBXFileReference; lastKnownFileType = image.png; path = "对焦框@3x.png"; sourceTree = "<group>"; };
		2BF3635A20465BEC00F6266A /* ACCommon.h */ = {isa = PBXFileReference; fileEncoding = 4; lastKnownFileType = sourcecode.c.h; path = ACCommon.h; sourceTree = "<group>"; };
		2BF3635C2046798000F6266A /* TwoInputFilter.h */ = {isa = PBXFileReference; lastKnownFileType = sourcecode.c.h; path = TwoInputFilter.h; sourceTree = "<group>"; };
		2BF3635D2046798000F6266A /* TwoInputFilter.m */ = {isa = PBXFileReference; lastKnownFileType = sourcecode.c.objc; path = TwoInputFilter.m; sourceTree = "<group>"; };
		2BF3635F204792E500F6266A /* LookUpViewController.h */ = {isa = PBXFileReference; lastKnownFileType = sourcecode.c.h; path = LookUpViewController.h; sourceTree = "<group>"; };
		2BF36360204792E500F6266A /* LookUpViewController.m */ = {isa = PBXFileReference; lastKnownFileType = sourcecode.c.objc; path = LookUpViewController.m; sourceTree = "<group>"; };
		2BF363622047969700F6266A /* LookUpCell.h */ = {isa = PBXFileReference; lastKnownFileType = sourcecode.c.h; path = LookUpCell.h; sourceTree = "<group>"; };
		2BF363632047969700F6266A /* LookUpCell.m */ = {isa = PBXFileReference; lastKnownFileType = sourcecode.c.objc; path = LookUpCell.m; sourceTree = "<group>"; };
		2BF363662047A08100F6266A /* b4.png */ = {isa = PBXFileReference; lastKnownFileType = image.png; path = b4.png; sourceTree = "<group>"; };
		2BF363682047A08100F6266A /* 亮光.jpg */ = {isa = PBXFileReference; lastKnownFileType = image.jpeg; path = "亮光.jpg"; sourceTree = "<group>"; };
		2BF363692047A08100F6266A /* 变亮.jpg */ = {isa = PBXFileReference; lastKnownFileType = image.jpeg; path = "变亮.jpg"; sourceTree = "<group>"; };
		2BF3636A2047A08100F6266A /* 变暗.jpg */ = {isa = PBXFileReference; lastKnownFileType = image.jpeg; path = "变暗.jpg"; sourceTree = "<group>"; };
		2BF3636B2047A08100F6266A /* 差值.jpg */ = {isa = PBXFileReference; lastKnownFileType = image.jpeg; path = "差值.jpg"; sourceTree = "<group>"; };
		2BF3636C2047A08100F6266A /* 强光.jpg */ = {isa = PBXFileReference; lastKnownFileType = image.jpeg; path = "强光.jpg"; sourceTree = "<group>"; };
		2BF3636D2047A08100F6266A /* 排除.jpg */ = {isa = PBXFileReference; lastKnownFileType = image.jpeg; path = "排除.jpg"; sourceTree = "<group>"; };
		2BF3636E2047A08100F6266A /* 柔光.jpg */ = {isa = PBXFileReference; lastKnownFileType = image.jpeg; path = "柔光.jpg"; sourceTree = "<group>"; };
		2BF3636F2047A08100F6266A /* 正常.jpg */ = {isa = PBXFileReference; lastKnownFileType = image.jpeg; path = "正常.jpg"; sourceTree = "<group>"; };
		2BF363702047A08100F6266A /* 正片叠底.jpg */ = {isa = PBXFileReference; lastKnownFileType = image.jpeg; path = "正片叠底.jpg"; sourceTree = "<group>"; };
		2BF363712047A08100F6266A /* 滤色.jpg */ = {isa = PBXFileReference; lastKnownFileType = image.jpeg; path = "滤色.jpg"; sourceTree = "<group>"; };
		2BF363722047A08100F6266A /* 线性光.jpg */ = {isa = PBXFileReference; lastKnownFileType = image.jpeg; path = "线性光.jpg"; sourceTree = "<group>"; };
		2BF363732047A08100F6266A /* 线性加深.jpg */ = {isa = PBXFileReference; lastKnownFileType = image.jpeg; path = "线性加深.jpg"; sourceTree = "<group>"; };
		2BF363742047A08100F6266A /* 颜色减淡.jpg */ = {isa = PBXFileReference; lastKnownFileType = image.jpeg; path = "颜色减淡.jpg"; sourceTree = "<group>"; };
		2BF363752047A08100F6266A /* 颜色加深.jpg */ = {isa = PBXFileReference; lastKnownFileType = image.jpeg; path = "颜色加深.jpg"; sourceTree = "<group>"; };
		2BF363772047A08100F6266A /* BaiduReportInfo.plist */ = {isa = PBXFileReference; fileEncoding = 4; lastKnownFileType = text.plist.xml; path = BaiduReportInfo.plist; sourceTree = "<group>"; };
		2BF363782047A08100F6266A /* BlendModes.plist */ = {isa = PBXFileReference; fileEncoding = 4; lastKnownFileType = text.plist.xml; path = BlendModes.plist; sourceTree = "<group>"; };
		2BF363792047A08100F6266A /* CLReportingInfo.plist */ = {isa = PBXFileReference; fileEncoding = 4; lastKnownFileType = text.plist.xml; path = CLReportingInfo.plist; sourceTree = "<group>"; };
		2BF3637A2047A08100F6266A /* DefaultLocation.json */ = {isa = PBXFileReference; fileEncoding = 4; lastKnownFileType = text.json; path = DefaultLocation.json; sourceTree = "<group>"; };
		2BF3637B2047A08100F6266A /* Filters.plist */ = {isa = PBXFileReference; fileEncoding = 4; lastKnownFileType = text.plist.xml; path = Filters.plist; sourceTree = "<group>"; };
		2BF3637C2047A08100F6266A /* LoginCountryAndAreaCode.json */ = {isa = PBXFileReference; fileEncoding = 4; lastKnownFileType = text.json; path = LoginCountryAndAreaCode.json; sourceTree = "<group>"; };
		2BF3637D2047A08100F6266A /* Masks.plist */ = {isa = PBXFileReference; fileEncoding = 4; lastKnownFileType = text.plist.xml; path = Masks.plist; sourceTree = "<group>"; };
		2BF3637E2047A08100F6266A /* SensorsAppClickInfo.plist */ = {isa = PBXFileReference; fileEncoding = 4; lastKnownFileType = text.plist.xml; path = SensorsAppClickInfo.plist; sourceTree = "<group>"; };
		2BF3637F2047A08100F6266A /* SensorsViewScreenInfo.plist */ = {isa = PBXFileReference; fileEncoding = 4; lastKnownFileType = text.plist.xml; path = SensorsViewScreenInfo.plist; sourceTree = "<group>"; };
		2BF364052047A08200F6266A /* Loading.bundle */ = {isa = PBXFileReference; lastKnownFileType = "wrapper.plug-in"; path = Loading.bundle; sourceTree = "<group>"; };
		2BF364062047A08200F6266A /* shareImage.jpg */ = {isa = PBXFileReference; lastKnownFileType = image.jpeg; path = shareImage.jpg; sourceTree = "<group>"; };
		2BF364072047A08200F6266A /* shareUrlImage.jpg */ = {isa = PBXFileReference; lastKnownFileType = image.jpeg; path = shareUrlImage.jpg; sourceTree = "<group>"; };
		2BF3649F2047A90500F6266A /* Filters */ = {isa = PBXFileReference; lastKnownFileType = folder; path = Filters; sourceTree = "<group>"; };
		2BF364A12047AD9A00F6266A /* LookUpFilter.h */ = {isa = PBXFileReference; lastKnownFileType = sourcecode.c.h; path = LookUpFilter.h; sourceTree = "<group>"; };
		2BF364A22047AD9A00F6266A /* LookUpFilter.m */ = {isa = PBXFileReference; lastKnownFileType = sourcecode.c.objc; path = LookUpFilter.m; sourceTree = "<group>"; };
		2BF364A42047E34900F6266A /* Normal.png */ = {isa = PBXFileReference; lastKnownFileType = image.png; path = Normal.png; sourceTree = "<group>"; };
		2BF364A62047E9A600F6266A /* MaskViewController.h */ = {isa = PBXFileReference; lastKnownFileType = sourcecode.c.h; path = MaskViewController.h; sourceTree = "<group>"; };
		2BF364A72047E9A600F6266A /* MaskViewController.m */ = {isa = PBXFileReference; lastKnownFileType = sourcecode.c.objc; path = MaskViewController.m; sourceTree = "<group>"; };
		2BF364A92047F45000F6266A /* Masks */ = {isa = PBXFileReference; lastKnownFileType = folder; path = Masks; sourceTree = "<group>"; };
		2BF364AB2049255C00F6266A /* mask0.jpg */ = {isa = PBXFileReference; lastKnownFileType = image.jpeg; path = mask0.jpg; sourceTree = "<group>"; };
		2BFA46F61FDE1C150049D7B6 /* TwoPicEditVC.h */ = {isa = PBXFileReference; lastKnownFileType = sourcecode.c.h; path = TwoPicEditVC.h; sourceTree = "<group>"; };
		2BFA46F71FDE1C150049D7B6 /* TwoPicEditVC.m */ = {isa = PBXFileReference; lastKnownFileType = sourcecode.c.objc; path = TwoPicEditVC.m; sourceTree = "<group>"; };
		2BFA46F81FDE1C150049D7B6 /* TwoPicEditVC.xib */ = {isa = PBXFileReference; lastKnownFileType = file.xib; path = TwoPicEditVC.xib; sourceTree = "<group>"; };
		2BFA470B1FE0F2900049D7B6 /* GPUBlurViewVC.h */ = {isa = PBXFileReference; lastKnownFileType = sourcecode.c.h; path = GPUBlurViewVC.h; sourceTree = "<group>"; };
		2BFA470C1FE0F2900049D7B6 /* GPUBlurViewVC.m */ = {isa = PBXFileReference; lastKnownFileType = sourcecode.c.objc; path = GPUBlurViewVC.m; sourceTree = "<group>"; };
		2BFA470E1FE0F9C90049D7B6 /* ProsumerAsyncQueue.h */ = {isa = PBXFileReference; lastKnownFileType = sourcecode.c.h; path = ProsumerAsyncQueue.h; sourceTree = "<group>"; };
		2BFA470F1FE0F9C90049D7B6 /* ProsumerAsyncQueue.m */ = {isa = PBXFileReference; lastKnownFileType = sourcecode.c.objc; path = ProsumerAsyncQueue.m; sourceTree = "<group>"; };
		2BFA47111FE1011D0049D7B6 /* ACBlurView.h */ = {isa = PBXFileReference; lastKnownFileType = sourcecode.c.h; path = ACBlurView.h; sourceTree = "<group>"; };
		2BFA47121FE1011D0049D7B6 /* ACBlurView.m */ = {isa = PBXFileReference; lastKnownFileType = sourcecode.c.objc; path = ACBlurView.m; sourceTree = "<group>"; };
		6C59B42ADA33183D02AE4349 /* Pods-GPUImageDemo.debug.xcconfig */ = {isa = PBXFileReference; includeInIndex = 1; lastKnownFileType = text.xcconfig; name = "Pods-GPUImageDemo.debug.xcconfig"; path = "Pods/Target Support Files/Pods-GPUImageDemo/Pods-GPUImageDemo.debug.xcconfig"; sourceTree = "<group>"; };
		B61BA57F1FD828D4004B2D01 /* MutipleFilterVC.h */ = {isa = PBXFileReference; lastKnownFileType = sourcecode.c.h; path = MutipleFilterVC.h; sourceTree = "<group>"; };
		B61BA5801FD828D4004B2D01 /* MutipleFilterVC.m */ = {isa = PBXFileReference; lastKnownFileType = sourcecode.c.objc; path = MutipleFilterVC.m; sourceTree = "<group>"; };
		B638B0BE1FD3A1340062DFAD /* FilterDemoVC.h */ = {isa = PBXFileReference; lastKnownFileType = sourcecode.c.h; path = FilterDemoVC.h; sourceTree = "<group>"; };
		B638B0BF1FD3A1340062DFAD /* FilterDemoVC.m */ = {isa = PBXFileReference; lastKnownFileType = sourcecode.c.objc; path = FilterDemoVC.m; sourceTree = "<group>"; };
		B638B0C71FD3F2B20062DFAD /* FilteringlivevideoVC.h */ = {isa = PBXFileReference; lastKnownFileType = sourcecode.c.h; path = FilteringlivevideoVC.h; sourceTree = "<group>"; };
		B638B0C81FD3F2B20062DFAD /* FilteringlivevideoVC.m */ = {isa = PBXFileReference; lastKnownFileType = sourcecode.c.objc; path = FilteringlivevideoVC.m; sourceTree = "<group>"; };
		B638B0CD1FD3F7410062DFAD /* Capturingfilteringstillphoto.h */ = {isa = PBXFileReference; lastKnownFileType = sourcecode.c.h; path = Capturingfilteringstillphoto.h; sourceTree = "<group>"; };
		B638B0CE1FD3F7410062DFAD /* Capturingfilteringstillphoto.m */ = {isa = PBXFileReference; lastKnownFileType = sourcecode.c.objc; path = Capturingfilteringstillphoto.m; sourceTree = "<group>"; };
		B638B0D01FD3FB780062DFAD /* ProcessingstillimageVC.h */ = {isa = PBXFileReference; lastKnownFileType = sourcecode.c.h; path = ProcessingstillimageVC.h; sourceTree = "<group>"; };
		B638B0D11FD3FB780062DFAD /* ProcessingstillimageVC.m */ = {isa = PBXFileReference; lastKnownFileType = sourcecode.c.objc; path = ProcessingstillimageVC.m; sourceTree = "<group>"; };
		B638B0D31FD402780062DFAD /* WritingcustomfilterVC.h */ = {isa = PBXFileReference; lastKnownFileType = sourcecode.c.h; path = WritingcustomfilterVC.h; sourceTree = "<group>"; };
		B638B0D41FD402780062DFAD /* WritingcustomfilterVC.m */ = {isa = PBXFileReference; lastKnownFileType = sourcecode.c.objc; path = WritingcustomfilterVC.m; sourceTree = "<group>"; };
		B675153B1FE807300095A2D5 /* lookupVC.h */ = {isa = PBXFileReference; lastKnownFileType = sourcecode.c.h; path = lookupVC.h; sourceTree = "<group>"; };
		B675153C1FE807300095A2D5 /* lookupVC.m */ = {isa = PBXFileReference; lastKnownFileType = sourcecode.c.objc; path = lookupVC.m; sourceTree = "<group>"; };
		B69B688F206BC4F3000651FB /* OLImageBeautyFilter.h */ = {isa = PBXFileReference; lastKnownFileType = sourcecode.c.h; path = OLImageBeautyFilter.h; sourceTree = "<group>"; };
		B69B6890206BC4F3000651FB /* OLImageBeautyFilter.m */ = {isa = PBXFileReference; lastKnownFileType = sourcecode.c.objc; path = OLImageBeautyFilter.m; sourceTree = "<group>"; };
		FBDD0CB2865227898F07A18B /* Pods-GPUImageDemo.release.xcconfig */ = {isa = PBXFileReference; includeInIndex = 1; lastKnownFileType = text.xcconfig; name = "Pods-GPUImageDemo.release.xcconfig"; path = "Pods/Target Support Files/Pods-GPUImageDemo/Pods-GPUImageDemo.release.xcconfig"; sourceTree = "<group>"; };
/* End PBXFileReference section */

/* Begin PBXFrameworksBuildPhase section */
		2B6F393F1FD02EFD0088F395 /* Frameworks */ = {
			isa = PBXFrameworksBuildPhase;
			buildActionMask = 2147483647;
			files = (
				BBA06A74838A344F73B0F9D8 /* libPods-GPUImageDemo.a in Frameworks */,
			);
			runOnlyForDeploymentPostprocessing = 0;
		};
/* End PBXFrameworksBuildPhase section */

/* Begin PBXGroup section */
		21580A76B4E3F4F6C727A8D3 /* Pods */ = {
			isa = PBXGroup;
			children = (
				6C59B42ADA33183D02AE4349 /* Pods-GPUImageDemo.debug.xcconfig */,
				FBDD0CB2865227898F07A18B /* Pods-GPUImageDemo.release.xcconfig */,
			);
			name = Pods;
			sourceTree = "<group>";
		};
		2B6F39391FD02EFD0088F395 = {
			isa = PBXGroup;
			children = (
				2B6F39441FD02EFD0088F395 /* GPUImageDemo */,
				2B6F39431FD02EFD0088F395 /* Products */,
				21580A76B4E3F4F6C727A8D3 /* Pods */,
				AD5C08A951C66B4B48C24358 /* Frameworks */,
			);
			sourceTree = "<group>";
		};
		2B6F39431FD02EFD0088F395 /* Products */ = {
			isa = PBXGroup;
			children = (
				2B6F39421FD02EFD0088F395 /* GPUImageDemo.app */,
			);
			name = Products;
			sourceTree = "<group>";
		};
		2B6F39441FD02EFD0088F395 /* GPUImageDemo */ = {
			isa = PBXGroup;
			children = (
				2BF364A42047E34900F6266A /* Normal.png */,
				2BF364AB2049255C00F6266A /* mask0.jpg */,
				2BF362FF204642C400F6266A /* EditViewController */,
				2B6F39451FD02EFD0088F395 /* AppDelegate.h */,
				2B6F39461FD02EFD0088F395 /* AppDelegate.m */,
				2B6F39481FD02EFD0088F395 /* ViewController.h */,
				2B6F39491FD02EFD0088F395 /* ViewController.m */,
				B638B0C71FD3F2B20062DFAD /* FilteringlivevideoVC.h */,
				B638B0C81FD3F2B20062DFAD /* FilteringlivevideoVC.m */,
				B638B0CD1FD3F7410062DFAD /* Capturingfilteringstillphoto.h */,
				B638B0CE1FD3F7410062DFAD /* Capturingfilteringstillphoto.m */,
				B638B0D01FD3FB780062DFAD /* ProcessingstillimageVC.h */,
				B638B0D11FD3FB780062DFAD /* ProcessingstillimageVC.m */,
				B638B0D31FD402780062DFAD /* WritingcustomfilterVC.h */,
				B638B0D41FD402780062DFAD /* WritingcustomfilterVC.m */,
				B638B0BE1FD3A1340062DFAD /* FilterDemoVC.h */,
				B638B0BF1FD3A1340062DFAD /* FilterDemoVC.m */,
				2B3156061FD526320014AD7D /* LiveVideoVC.h */,
				2B3156071FD526320014AD7D /* LiveVideoVC.m */,
				2B3156091FD52B450014AD7D /* TakePhotoVC.h */,
				2B31560A1FD52B450014AD7D /* TakePhotoVC.m */,
				2B31560C1FD52E6F0014AD7D /* ManulFilterVC.h */,
				2B31560D1FD52E6F0014AD7D /* ManulFilterVC.m */,
				2B31560F1FD532430014AD7D /* GroupFilterVC.h */,
				2B3156101FD532430014AD7D /* GroupFilterVC.m */,
				B61BA57F1FD828D4004B2D01 /* MutipleFilterVC.h */,
				B61BA5801FD828D4004B2D01 /* MutipleFilterVC.m */,
				2BFA470B1FE0F2900049D7B6 /* GPUBlurViewVC.h */,
				2BFA470C1FE0F2900049D7B6 /* GPUBlurViewVC.m */,
				2BFA47111FE1011D0049D7B6 /* ACBlurView.h */,
				2BFA47121FE1011D0049D7B6 /* ACBlurView.m */,
				2BFA470E1FE0F9C90049D7B6 /* ProsumerAsyncQueue.h */,
				2BFA470F1FE0F9C90049D7B6 /* ProsumerAsyncQueue.m */,
				2BFA46F61FDE1C150049D7B6 /* TwoPicEditVC.h */,
				2BFA46F71FDE1C150049D7B6 /* TwoPicEditVC.m */,
				2B8963001FE761020063BD19 /* RawDataAndRawTextureVC.h */,
				2B8963011FE761020063BD19 /* RawDataAndRawTextureVC.m */,
				2B8963051FE763440063BD19 /* LEEImageHelper.h */,
				2B8963041FE763440063BD19 /* LEEImageHelper.m */,
				2B8963071FE797AA0063BD19 /* PinpleAndGroupVC.h */,
				2B8963081FE797AA0063BD19 /* PinpleAndGroupVC.m */,
				2B89630A1FE79A4A0063BD19 /* LYImageFilterGroup.h */,
				2B89630B1FE79A4A0063BD19 /* LYImageFilterGroup.m */,
				2B89630D1FE7A4EF0063BD19 /* MutipleInputVC.h */,
				2B89630E1FE7A4EF0063BD19 /* MutipleInputVC.m */,
				2B8963101FE7C9CA0063BD19 /* LEEDiyLightFilter.h */,
				2B8963111FE7C9CA0063BD19 /* LEEDiyLightFilter.m */,
				2B8963161FE7D0FF0063BD19 /* DiyLightFilter.h */,
				2B8963171FE7D0FF0063BD19 /* DiyLightFilter.m */,
				2B8963131FE7CB2A0063BD19 /* Diy1VC.h */,
				2B8963141FE7CB2A0063BD19 /* Diy1VC.m */,
				B675153B1FE807300095A2D5 /* lookupVC.h */,
				B675153C1FE807300095A2D5 /* lookupVC.m */,
				2B8D3E99206B4A5200405656 /* VideoEditViewController.h */,
				2B8D3E9A206B4A5200405656 /* VideoEditViewController.m */,
				2B8D3E9C206B648F00405656 /* VideoEdit */,
				2BFA46F81FDE1C150049D7B6 /* TwoPicEditVC.xib */,
				2B6F394B1FD02EFD0088F395 /* Main.storyboard */,
				2B6F394E1FD02EFD0088F395 /* Assets.xcassets */,
				2B6F39501FD02EFD0088F395 /* LaunchScreen.storyboard */,
				2B6F39531FD02EFD0088F395 /* Info.plist */,
				2B6F39541FD02EFD0088F395 /* main.m */,
			);
			path = GPUImageDemo;
			sourceTree = "<group>";
		};
		2B8D3E9C206B648F00405656 /* VideoEdit */ = {
			isa = PBXGroup;
			children = (
				2B8D3EAF206B76E600405656 /* OLBaseViewController.h */,
				2B8D3EB0206B76E600405656 /* OLBaseViewController.m */,
				2B8D3EAC206B73C200405656 /* OLCameraViewController.h */,
				2B8D3EAD206B73C200405656 /* OLCameraViewController.m */,
				2BEDA151206B9F2A0071906D /* OLCameraManager.h */,
				2BEDA152206B9F2A0071906D /* OLCameraManager.m */,
				2BEDA154206B9F4D0071906D /* OLCameraRecordManager.h */,
				2BEDA155206B9F4D0071906D /* OLCameraRecordManager.m */,
				2BEDA157206BA43D0071906D /* OLCameraSaveManager.h */,
				2BEDA158206BA43D0071906D /* OLCameraSaveManager.m */,
				2B8D3EA3206B65E600405656 /* OLCameraView.h */,
				2B8D3EA4206B65E600405656 /* OLCameraView.m */,
				2B8D3EA6206B708600405656 /* OLTopToolView.h */,
				2B8D3EA7206B708600405656 /* OLTopToolView.m */,
				2B8D3EA9206B709B00405656 /* OLBottomToolView.h */,
				2B8D3EAA206B709B00405656 /* OLBottomToolView.m */,
				2B8D3EB2206B7A9D00405656 /* OLRecordButton.h */,
				2B8D3EB3206B7A9D00405656 /* OLRecordButton.m */,
				B69B688F206BC4F3000651FB /* OLImageBeautyFilter.h */,
				B69B6890206BC4F3000651FB /* OLImageBeautyFilter.m */,
			);
			path = VideoEdit;
			sourceTree = "<group>";
		};
		2BF362FF204642C400F6266A /* EditViewController */ = {
			isa = PBXGroup;
			children = (
				2BF363652047A08100F6266A /* Resources */,
				2BF3635B204678FC00F6266A /* Filters */,
				2BF3631020465B2C00F6266A /* ACPhoto */,
				2BF363032046431F00F6266A /* Controllers */,
				2BF36302204642F900F6266A /* ViewModel */,
				2BF36301204642EE00F6266A /* View */,
				2BF36300204642E100F6266A /* Model */,
			);
			path = EditViewController;
			sourceTree = "<group>";
		};
		2BF36300204642E100F6266A /* Model */ = {
			isa = PBXGroup;
			children = (
			);
			path = Model;
			sourceTree = "<group>";
		};
		2BF36301204642EE00F6266A /* View */ = {
			isa = PBXGroup;
			children = (
				2BF3630A2046468500F6266A /* PanelView.h */,
				2BF3630B2046468500F6266A /* PanelView.m */,
				2BF363622047969700F6266A /* LookUpCell.h */,
				2BF363632047969700F6266A /* LookUpCell.m */,
			);
			path = View;
			sourceTree = "<group>";
		};
		2BF36302204642F900F6266A /* ViewModel */ = {
			isa = PBXGroup;
			children = (
			);
			path = ViewModel;
			sourceTree = "<group>";
		};
		2BF363032046431F00F6266A /* Controllers */ = {
			isa = PBXGroup;
			children = (
				2BF363042046434B00F6266A /* EditViewController.h */,
				2BF363052046434B00F6266A /* EditViewController.m */,
				2BF363072046435900F6266A /* PanelViewController.h */,
				2BF363082046435900F6266A /* PanelViewController.m */,
				2BF3630D2046500900F6266A /* BottomBarViewController.h */,
				2BF3630E2046500900F6266A /* BottomBarViewController.m */,
				2BF3635F204792E500F6266A /* LookUpViewController.h */,
				2BF36360204792E500F6266A /* LookUpViewController.m */,
				2BF364A62047E9A600F6266A /* MaskViewController.h */,
				2BF364A72047E9A600F6266A /* MaskViewController.m */,
			);
			path = Controllers;
			sourceTree = "<group>";
		};
		2BF3631020465B2C00F6266A /* ACPhoto */ = {
			isa = PBXGroup;
			children = (
				2BF3635A20465BEC00F6266A /* ACCommon.h */,
				2BF3631120465B2C00F6266A /* 22_脸部定位框@2x.png */,
				2BF3631220465B2C00F6266A /* 22_脸部定位框@3x.png */,
				2BF3631320465B2C00F6266A /* 2_返回@2x.png */,
				2BF3631420465B2C00F6266A /* 2_返回@3x.png */,
				2BF3631520465B2C00F6266A /* 3_弹窗提示@2x.png */,
				2BF3631620465B2C00F6266A /* 3_弹窗提示@3x.png */,
				2BF3631720465B2C00F6266A /* 4_闪光灯-关闭@2x.png */,
				2BF3631820465B2C00F6266A /* 4_闪光灯-关闭@3x.png */,
				2BF3631920465B2C00F6266A /* 5_闪光灯-打开@2x.png */,
				2BF3631A20465B2C00F6266A /* 5_闪光灯-打开@3x.png */,
				2BF3631B20465B2C00F6266A /* 6_镜头翻转@2x.png */,
				2BF3631C20465B2C00F6266A /* 6_镜头翻转@3x.png */,
				2BF3631D20465B2C00F6266A /* ACAlbumBtn.h */,
				2BF3631E20465B2C00F6266A /* ACAlbumBtn.m */,
				2BF3631F20465B2C00F6266A /* ACPhotoAlbumCell.h */,
				2BF3632020465B2C00F6266A /* ACPhotoAlbumCell.m */,
				2BF3632120465B2C00F6266A /* ACPhotoAlbumController.h */,
				2BF3632220465B2C00F6266A /* ACPhotoAlbumController.m */,
				2BF3632320465B2C00F6266A /* ACPhotoAsset.h */,
				2BF3632420465B2C00F6266A /* ACPhotoAsset.m */,
				2BF3632520465B2C00F6266A /* ACPhotoDetailController.h */,
				2BF3632620465B2C00F6266A /* ACPhotoDetailController.m */,
				2BF3632720465B2C00F6266A /* ACPhotoPickerCell.h */,
				2BF3632820465B2C00F6266A /* ACPhotoPickerCell.m */,
				2BF3632920465B2C00F6266A /* ACPhotoPickerController.h */,
				2BF3632A20465B2C00F6266A /* ACPhotoPickerController.m */,
				2BF3632B20465B2C00F6266A /* ALAsset+AC.h */,
				2BF3632C20465B2C00F6266A /* ALAsset+AC.m */,
				2BF3632D20465B2C00F6266A /* ALAssetsLibrary+AC.h */,
				2BF3632E20465B2C00F6266A /* ALAssetsLibrary+AC.m */,
				2BF3632F20465B2C00F6266A /* NSIndexSet+Convenience.h */,
				2BF3633020465B2C00F6266A /* NSIndexSet+Convenience.m */,
				2BF3633120465B2C00F6266A /* NSString+ACFontSize.h */,
				2BF3633220465B2C00F6266A /* NSString+ACFontSize.m */,
				2BF3633320465B2C00F6266A /* PHAsset+AC.h */,
				2BF3633420465B2C00F6266A /* PHAsset+AC.m */,
				2BF3633520465B2C00F6266A /* UICollectionView+Convenience.h */,
				2BF3633620465B2C00F6266A /* UICollectionView+Convenience.m */,
				2BF3633720465B2C00F6266A /* UIImage+ACCameraFixOrientation.h */,
				2BF3633820465B2C00F6266A /* UIImage+ACCameraFixOrientation.m */,
				2BF3633920465B2C00F6266A /* UIView+ACCameraFrame.h */,
				2BF3633A20465B2C00F6266A /* UIView+ACCameraFrame.m */,
				2BF3633B20465B2C00F6266A /* 对焦框@2x.png */,
				2BF3633C20465B2C00F6266A /* 对焦框@3x.png */,
			);
			path = ACPhoto;
			sourceTree = "<group>";
		};
		2BF3635B204678FC00F6266A /* Filters */ = {
			isa = PBXGroup;
			children = (
				2BF3635C2046798000F6266A /* TwoInputFilter.h */,
				2BF3635D2046798000F6266A /* TwoInputFilter.m */,
				2BF364A12047AD9A00F6266A /* LookUpFilter.h */,
				2BF364A22047AD9A00F6266A /* LookUpFilter.m */,
			);
			path = Filters;
			sourceTree = "<group>";
		};
		2BF363652047A08100F6266A /* Resources */ = {
			isa = PBXGroup;
			children = (
				2BF363662047A08100F6266A /* b4.png */,
				2BF364A92047F45000F6266A /* Masks */,
				2BF3649F2047A90500F6266A /* Filters */,
				2BF363672047A08100F6266A /* BlendModes */,
				2BF363762047A08100F6266A /* DataFile */,
				2BF364042047A08200F6266A /* StaticImages */,
			);
			path = Resources;
			sourceTree = "<group>";
		};
		2BF363672047A08100F6266A /* BlendModes */ = {
			isa = PBXGroup;
			children = (
				2BF363682047A08100F6266A /* 亮光.jpg */,
				2BF363692047A08100F6266A /* 变亮.jpg */,
				2BF3636A2047A08100F6266A /* 变暗.jpg */,
				2BF3636B2047A08100F6266A /* 差值.jpg */,
				2BF3636C2047A08100F6266A /* 强光.jpg */,
				2BF3636D2047A08100F6266A /* 排除.jpg */,
				2BF3636E2047A08100F6266A /* 柔光.jpg */,
				2BF3636F2047A08100F6266A /* 正常.jpg */,
				2BF363702047A08100F6266A /* 正片叠底.jpg */,
				2BF363712047A08100F6266A /* 滤色.jpg */,
				2BF363722047A08100F6266A /* 线性光.jpg */,
				2BF363732047A08100F6266A /* 线性加深.jpg */,
				2BF363742047A08100F6266A /* 颜色减淡.jpg */,
				2BF363752047A08100F6266A /* 颜色加深.jpg */,
			);
			path = BlendModes;
			sourceTree = "<group>";
		};
		2BF363762047A08100F6266A /* DataFile */ = {
			isa = PBXGroup;
			children = (
				2BF363772047A08100F6266A /* BaiduReportInfo.plist */,
				2BF363782047A08100F6266A /* BlendModes.plist */,
				2BF363792047A08100F6266A /* CLReportingInfo.plist */,
				2BF3637A2047A08100F6266A /* DefaultLocation.json */,
				2BF3637B2047A08100F6266A /* Filters.plist */,
				2BF3637C2047A08100F6266A /* LoginCountryAndAreaCode.json */,
				2BF3637D2047A08100F6266A /* Masks.plist */,
				2BF3637E2047A08100F6266A /* SensorsAppClickInfo.plist */,
				2BF3637F2047A08100F6266A /* SensorsViewScreenInfo.plist */,
			);
			path = DataFile;
			sourceTree = "<group>";
		};
		2BF364042047A08200F6266A /* StaticImages */ = {
			isa = PBXGroup;
			children = (
				2BF364052047A08200F6266A /* Loading.bundle */,
				2BF364062047A08200F6266A /* shareImage.jpg */,
				2BF364072047A08200F6266A /* shareUrlImage.jpg */,
			);
			path = StaticImages;
			sourceTree = "<group>";
		};
		AD5C08A951C66B4B48C24358 /* Frameworks */ = {
			isa = PBXGroup;
			children = (
				2AD139D4CF4927D290159F50 /* libPods-GPUImageDemo.a */,
			);
			name = Frameworks;
			sourceTree = "<group>";
		};
/* End PBXGroup section */

/* Begin PBXNativeTarget section */
		2B6F39411FD02EFD0088F395 /* GPUImageDemo */ = {
			isa = PBXNativeTarget;
			buildConfigurationList = 2B6F39581FD02EFD0088F395 /* Build configuration list for PBXNativeTarget "GPUImageDemo" */;
			buildPhases = (
				0204A5F293D3B3970143C52D /* [CP] Check Pods Manifest.lock */,
				2B6F393E1FD02EFD0088F395 /* Sources */,
				2B6F393F1FD02EFD0088F395 /* Frameworks */,
				2B6F39401FD02EFD0088F395 /* Resources */,
				5FB2EEE39302EDBDDF7CF9EE /* [CP] Embed Pods Frameworks */,
				0CD599CBADB4A99AD6C8B3DE /* [CP] Copy Pods Resources */,
			);
			buildRules = (
			);
			dependencies = (
			);
			name = GPUImageDemo;
			productName = GPUImageDemo;
			productReference = 2B6F39421FD02EFD0088F395 /* GPUImageDemo.app */;
			productType = "com.apple.product-type.application";
		};
/* End PBXNativeTarget section */

/* Begin PBXProject section */
		2B6F393A1FD02EFD0088F395 /* Project object */ = {
			isa = PBXProject;
			attributes = {
				LastUpgradeCheck = 0900;
				ORGANIZATIONNAME = NicoLin;
				TargetAttributes = {
					2B6F39411FD02EFD0088F395 = {
						CreatedOnToolsVersion = 9.0;
						ProvisioningStyle = Automatic;
					};
				};
			};
			buildConfigurationList = 2B6F393D1FD02EFD0088F395 /* Build configuration list for PBXProject "GPUImageDemo" */;
			compatibilityVersion = "Xcode 8.0";
			developmentRegion = en;
			hasScannedForEncodings = 0;
			knownRegions = (
				en,
				Base,
			);
			mainGroup = 2B6F39391FD02EFD0088F395;
			productRefGroup = 2B6F39431FD02EFD0088F395 /* Products */;
			projectDirPath = "";
			projectRoot = "";
			targets = (
				2B6F39411FD02EFD0088F395 /* GPUImageDemo */,
			);
		};
/* End PBXProject section */

/* Begin PBXResourcesBuildPhase section */
		2B6F39401FD02EFD0088F395 /* Resources */ = {
			isa = PBXResourcesBuildPhase;
			buildActionMask = 2147483647;
			files = (
				2BF364A52047E34900F6266A /* Normal.png in Resources */,
				2BF364172047A08200F6266A /* BaiduReportInfo.plist in Resources */,
				2BF3640F2047A08200F6266A /* 柔光.jpg in Resources */,
				2BF3641E2047A08200F6266A /* SensorsAppClickInfo.plist in Resources */,
				2BF364092047A08200F6266A /* 亮光.jpg in Resources */,
				2BF3649A2047A08200F6266A /* Loading.bundle in Resources */,
				2BF3633D20465B2D00F6266A /* 22_脸部定位框@2x.png in Resources */,
				2BF364132047A08200F6266A /* 线性光.jpg in Resources */,
				2B6F39521FD02EFD0088F395 /* LaunchScreen.storyboard in Resources */,
				2BF3641F2047A08200F6266A /* SensorsViewScreenInfo.plist in Resources */,
				2B6F394F1FD02EFD0088F395 /* Assets.xcassets in Resources */,
				2BF3640C2047A08200F6266A /* 差值.jpg in Resources */,
				2BF3634220465B2D00F6266A /* 3_弹窗提示@3x.png in Resources */,
				2BF3649C2047A08200F6266A /* shareUrlImage.jpg in Resources */,
				2BF3634320465B2D00F6266A /* 4_闪光灯-关闭@2x.png in Resources */,
				2BF3634620465B2D00F6266A /* 5_闪光灯-打开@3x.png in Resources */,
				2BF3640D2047A08200F6266A /* 强光.jpg in Resources */,
				2BF3641A2047A08200F6266A /* DefaultLocation.json in Resources */,
				2BF364112047A08200F6266A /* 正片叠底.jpg in Resources */,
				2BFA46FA1FDE1C150049D7B6 /* TwoPicEditVC.xib in Resources */,
				2BF3640E2047A08200F6266A /* 排除.jpg in Resources */,
				2BF364122047A08200F6266A /* 滤色.jpg in Resources */,
				2BF3640A2047A08200F6266A /* 变亮.jpg in Resources */,
				2BF364182047A08200F6266A /* BlendModes.plist in Resources */,
				2BF3634820465B2D00F6266A /* 6_镜头翻转@3x.png in Resources */,
				2BF3634520465B2D00F6266A /* 5_闪光灯-打开@2x.png in Resources */,
				2BF3641C2047A08200F6266A /* LoginCountryAndAreaCode.json in Resources */,
				2BF364192047A08200F6266A /* CLReportingInfo.plist in Resources */,
				2BF3634020465B2D00F6266A /* 2_返回@3x.png in Resources */,
				2B6F394D1FD02EFD0088F395 /* Main.storyboard in Resources */,
				2BF3641B2047A08200F6266A /* Filters.plist in Resources */,
				2BF3634720465B2D00F6266A /* 6_镜头翻转@2x.png in Resources */,
				2BF364152047A08200F6266A /* 颜色减淡.jpg in Resources */,
				2BF3633E20465B2D00F6266A /* 22_脸部定位框@3x.png in Resources */,
				2BF3635920465B2D00F6266A /* 对焦框@3x.png in Resources */,
				2BF364A02047A90500F6266A /* Filters in Resources */,
				2BF364AC2049255D00F6266A /* mask0.jpg in Resources */,
				2BF364AA2047F45000F6266A /* Masks in Resources */,
				2BF364102047A08200F6266A /* 正常.jpg in Resources */,
				2BF3633F20465B2D00F6266A /* 2_返回@2x.png in Resources */,
				2BF364162047A08200F6266A /* 颜色加深.jpg in Resources */,
				2BF364142047A08200F6266A /* 线性加深.jpg in Resources */,
				2BF3635820465B2D00F6266A /* 对焦框@2x.png in Resources */,
				2BF3640B2047A08200F6266A /* 变暗.jpg in Resources */,
				2BF3641D2047A08200F6266A /* Masks.plist in Resources */,
				2BF3634120465B2D00F6266A /* 3_弹窗提示@2x.png in Resources */,
				2BF3649B2047A08200F6266A /* shareImage.jpg in Resources */,
				2BF364082047A08200F6266A /* b4.png in Resources */,
				2BF3634420465B2D00F6266A /* 4_闪光灯-关闭@3x.png in Resources */,
			);
			runOnlyForDeploymentPostprocessing = 0;
		};
/* End PBXResourcesBuildPhase section */

/* Begin PBXShellScriptBuildPhase section */
		0204A5F293D3B3970143C52D /* [CP] Check Pods Manifest.lock */ = {
			isa = PBXShellScriptBuildPhase;
			buildActionMask = 2147483647;
			files = (
			);
			inputPaths = (
				"${PODS_PODFILE_DIR_PATH}/Podfile.lock",
				"${PODS_ROOT}/Manifest.lock",
			);
			name = "[CP] Check Pods Manifest.lock";
			outputPaths = (
				"$(DERIVED_FILE_DIR)/Pods-GPUImageDemo-checkManifestLockResult.txt",
			);
			runOnlyForDeploymentPostprocessing = 0;
			shellPath = /bin/sh;
			shellScript = "diff \"${PODS_PODFILE_DIR_PATH}/Podfile.lock\" \"${PODS_ROOT}/Manifest.lock\" > /dev/null\nif [ $? != 0 ] ; then\n    # print error to STDERR\n    echo \"error: The sandbox is not in sync with the Podfile.lock. Run 'pod install' or update your CocoaPods installation.\" >&2\n    exit 1\nfi\n# This output is used by Xcode 'outputs' to avoid re-running this script phase.\necho \"SUCCESS\" > \"${SCRIPT_OUTPUT_FILE_0}\"\n";
			showEnvVarsInLog = 0;
		};
		0CD599CBADB4A99AD6C8B3DE /* [CP] Copy Pods Resources */ = {
			isa = PBXShellScriptBuildPhase;
			buildActionMask = 2147483647;
			files = (
			);
			inputPaths = (
				"${SRCROOT}/Pods/Target Support Files/Pods-GPUImageDemo/Pods-GPUImageDemo-resources.sh",
				"${PODS_ROOT}/GPUImage/framework/Resources/lookup.png",
				"${PODS_ROOT}/GPUImage/framework/Resources/lookup_amatorka.png",
				"${PODS_ROOT}/GPUImage/framework/Resources/lookup_miss_etikate.png",
				"${PODS_ROOT}/GPUImage/framework/Resources/lookup_soft_elegance_1.png",
				"${PODS_ROOT}/GPUImage/framework/Resources/lookup_soft_elegance_2.png",
			);
			name = "[CP] Copy Pods Resources";
			outputPaths = (
				"${TARGET_BUILD_DIR}/${UNLOCALIZED_RESOURCES_FOLDER_PATH}",
			);
			runOnlyForDeploymentPostprocessing = 0;
			shellPath = /bin/sh;
			shellScript = "\"${SRCROOT}/Pods/Target Support Files/Pods-GPUImageDemo/Pods-GPUImageDemo-resources.sh\"\n";
			showEnvVarsInLog = 0;
		};
		5FB2EEE39302EDBDDF7CF9EE /* [CP] Embed Pods Frameworks */ = {
			isa = PBXShellScriptBuildPhase;
			buildActionMask = 2147483647;
			files = (
			);
			inputPaths = (
			);
			name = "[CP] Embed Pods Frameworks";
			outputPaths = (
			);
			runOnlyForDeploymentPostprocessing = 0;
			shellPath = /bin/sh;
			shellScript = "\"${SRCROOT}/Pods/Target Support Files/Pods-GPUImageDemo/Pods-GPUImageDemo-frameworks.sh\"\n";
			showEnvVarsInLog = 0;
		};
/* End PBXShellScriptBuildPhase section */

/* Begin PBXSourcesBuildPhase section */
		2B6F393E1FD02EFD0088F395 /* Sources */ = {
			isa = PBXSourcesBuildPhase;
			buildActionMask = 2147483647;
			files = (
				2BF364A32047AD9A00F6266A /* LookUpFilter.m in Sources */,
				2BFA470D1FE0F2900049D7B6 /* GPUBlurViewVC.m in Sources */,
				2BF3634D20465B2D00F6266A /* ACPhotoDetailController.m in Sources */,
				2BF363062046434B00F6266A /* EditViewController.m in Sources */,
				2BF3635E2046798000F6266A /* TwoInputFilter.m in Sources */,
				2B8D3EAE206B73C200405656 /* OLCameraViewController.m in Sources */,
				2B89630C1FE79A4A0063BD19 /* LYImageFilterGroup.m in Sources */,
				2BF36361204792E500F6266A /* LookUpViewController.m in Sources */,
				2BF3635120465B2D00F6266A /* ALAssetsLibrary+AC.m in Sources */,
				2B8963061FE763440063BD19 /* LEEImageHelper.m in Sources */,
				2B8963151FE7CB2A0063BD19 /* Diy1VC.m in Sources */,
				2BF3635320465B2D00F6266A /* NSString+ACFontSize.m in Sources */,
				2B3156081FD526320014AD7D /* LiveVideoVC.m in Sources */,
				2BF3630C2046468500F6266A /* PanelView.m in Sources */,
				2BEDA159206BA43D0071906D /* OLCameraSaveManager.m in Sources */,
				2BF3635620465B2D00F6266A /* UIImage+ACCameraFixOrientation.m in Sources */,
				2B8D3EAB206B709B00405656 /* OLBottomToolView.m in Sources */,
				B69B6891206BC4F3000651FB /* OLImageBeautyFilter.m in Sources */,
				B638B0D51FD402780062DFAD /* WritingcustomfilterVC.m in Sources */,
				2BF363092046435900F6266A /* PanelViewController.m in Sources */,
				2BF3634E20465B2D00F6266A /* ACPhotoPickerCell.m in Sources */,
				2BFA46F91FDE1C150049D7B6 /* TwoPicEditVC.m in Sources */,
				2BF363642047969700F6266A /* LookUpCell.m in Sources */,
				2B8D3EA8206B708600405656 /* OLTopToolView.m in Sources */,
				2B8963021FE761020063BD19 /* RawDataAndRawTextureVC.m in Sources */,
				2B8963091FE797AA0063BD19 /* PinpleAndGroupVC.m in Sources */,
				2BEDA156206B9F4D0071906D /* OLCameraRecordManager.m in Sources */,
				2BF3635420465B2D00F6266A /* PHAsset+AC.m in Sources */,
				2BF3634A20465B2D00F6266A /* ACPhotoAlbumCell.m in Sources */,
				2BF3634C20465B2D00F6266A /* ACPhotoAsset.m in Sources */,
				2BF3635720465B2D00F6266A /* UIView+ACCameraFrame.m in Sources */,
				B638B0CF1FD3F7410062DFAD /* Capturingfilteringstillphoto.m in Sources */,
				2B8D3E9B206B4A5200405656 /* VideoEditViewController.m in Sources */,
				2BEDA153206B9F2A0071906D /* OLCameraManager.m in Sources */,
				2BF3634F20465B2D00F6266A /* ACPhotoPickerController.m in Sources */,
				2B6F394A1FD02EFD0088F395 /* ViewController.m in Sources */,
				B638B0C91FD3F2B20062DFAD /* FilteringlivevideoVC.m in Sources */,
				2B8D3EB1206B76E600405656 /* OLBaseViewController.m in Sources */,
				B638B0C01FD3A1340062DFAD /* FilterDemoVC.m in Sources */,
				2B8963121FE7C9CA0063BD19 /* LEEDiyLightFilter.m in Sources */,
				2B3156111FD532430014AD7D /* GroupFilterVC.m in Sources */,
				2BF3635220465B2D00F6266A /* NSIndexSet+Convenience.m in Sources */,
				2BFA47131FE1011E0049D7B6 /* ACBlurView.m in Sources */,
				2B8D3EA5206B65E600405656 /* OLCameraView.m in Sources */,
				2B89630F1FE7A4EF0063BD19 /* MutipleInputVC.m in Sources */,
				2B31560B1FD52B450014AD7D /* TakePhotoVC.m in Sources */,
				2B6F39551FD02EFD0088F395 /* main.m in Sources */,
				2B6F39471FD02EFD0088F395 /* AppDelegate.m in Sources */,
				2B8963181FE7D0FF0063BD19 /* DiyLightFilter.m in Sources */,
				B638B0D21FD3FB780062DFAD /* ProcessingstillimageVC.m in Sources */,
				2B8D3EB4206B7A9D00405656 /* OLRecordButton.m in Sources */,
				2BF364A82047E9A600F6266A /* MaskViewController.m in Sources */,
				B675153D1FE807300095A2D5 /* lookupVC.m in Sources */,
				2BF3635020465B2D00F6266A /* ALAsset+AC.m in Sources */,
				2B31560E1FD52E6F0014AD7D /* ManulFilterVC.m in Sources */,
				2BF3630F2046500900F6266A /* BottomBarViewController.m in Sources */,
				2BF3634B20465B2D00F6266A /* ACPhotoAlbumController.m in Sources */,
				2BF3634920465B2D00F6266A /* ACAlbumBtn.m in Sources */,
				B61BA5811FD828D4004B2D01 /* MutipleFilterVC.m in Sources */,
				2BF3635520465B2D00F6266A /* UICollectionView+Convenience.m in Sources */,
				2BFA47101FE0F9CA0049D7B6 /* ProsumerAsyncQueue.m in Sources */,
			);
			runOnlyForDeploymentPostprocessing = 0;
		};
/* End PBXSourcesBuildPhase section */

/* Begin PBXVariantGroup section */
		2B6F394B1FD02EFD0088F395 /* Main.storyboard */ = {
			isa = PBXVariantGroup;
			children = (
				2B6F394C1FD02EFD0088F395 /* Base */,
			);
			name = Main.storyboard;
			sourceTree = "<group>";
		};
		2B6F39501FD02EFD0088F395 /* LaunchScreen.storyboard */ = {
			isa = PBXVariantGroup;
			children = (
				2B6F39511FD02EFD0088F395 /* Base */,
			);
			name = LaunchScreen.storyboard;
			sourceTree = "<group>";
		};
/* End PBXVariantGroup section */

/* Begin XCBuildConfiguration section */
		2B6F39561FD02EFD0088F395 /* Debug */ = {
			isa = XCBuildConfiguration;
			buildSettings = {
				ALWAYS_SEARCH_USER_PATHS = NO;
				CLANG_ANALYZER_NONNULL = YES;
				CLANG_ANALYZER_NUMBER_OBJECT_CONVERSION = YES_AGGRESSIVE;
				CLANG_CXX_LANGUAGE_STANDARD = "gnu++14";
				CLANG_CXX_LIBRARY = "libc++";
				CLANG_ENABLE_MODULES = YES;
				CLANG_ENABLE_OBJC_ARC = YES;
				CLANG_WARN_BLOCK_CAPTURE_AUTORELEASING = YES;
				CLANG_WARN_BOOL_CONVERSION = YES;
				CLANG_WARN_COMMA = YES;
				CLANG_WARN_CONSTANT_CONVERSION = YES;
				CLANG_WARN_DIRECT_OBJC_ISA_USAGE = YES_ERROR;
				CLANG_WARN_DOCUMENTATION_COMMENTS = YES;
				CLANG_WARN_EMPTY_BODY = YES;
				CLANG_WARN_ENUM_CONVERSION = YES;
				CLANG_WARN_INFINITE_RECURSION = YES;
				CLANG_WARN_INT_CONVERSION = YES;
				CLANG_WARN_NON_LITERAL_NULL_CONVERSION = YES;
				CLANG_WARN_OBJC_LITERAL_CONVERSION = YES;
				CLANG_WARN_OBJC_ROOT_CLASS = YES_ERROR;
				CLANG_WARN_RANGE_LOOP_ANALYSIS = YES;
				CLANG_WARN_STRICT_PROTOTYPES = YES;
				CLANG_WARN_SUSPICIOUS_MOVE = YES;
				CLANG_WARN_UNGUARDED_AVAILABILITY = YES_AGGRESSIVE;
				CLANG_WARN_UNREACHABLE_CODE = YES;
				CLANG_WARN__DUPLICATE_METHOD_MATCH = YES;
				CODE_SIGN_IDENTITY = "iPhone Developer";
				COPY_PHASE_STRIP = NO;
				DEBUG_INFORMATION_FORMAT = dwarf;
				ENABLE_STRICT_OBJC_MSGSEND = YES;
				ENABLE_TESTABILITY = YES;
				GCC_C_LANGUAGE_STANDARD = gnu11;
				GCC_DYNAMIC_NO_PIC = NO;
				GCC_NO_COMMON_BLOCKS = YES;
				GCC_OPTIMIZATION_LEVEL = 0;
				GCC_PREPROCESSOR_DEFINITIONS = (
					"DEBUG=1",
					"$(inherited)",
				);
				GCC_WARN_64_TO_32_BIT_CONVERSION = YES;
				GCC_WARN_ABOUT_RETURN_TYPE = YES_ERROR;
				GCC_WARN_UNDECLARED_SELECTOR = YES;
				GCC_WARN_UNINITIALIZED_AUTOS = YES_AGGRESSIVE;
				GCC_WARN_UNUSED_FUNCTION = YES;
				GCC_WARN_UNUSED_VARIABLE = YES;
				IPHONEOS_DEPLOYMENT_TARGET = 11.0;
				MTL_ENABLE_DEBUG_INFO = YES;
				ONLY_ACTIVE_ARCH = YES;
				SDKROOT = iphoneos;
			};
			name = Debug;
		};
		2B6F39571FD02EFD0088F395 /* Release */ = {
			isa = XCBuildConfiguration;
			buildSettings = {
				ALWAYS_SEARCH_USER_PATHS = NO;
				CLANG_ANALYZER_NONNULL = YES;
				CLANG_ANALYZER_NUMBER_OBJECT_CONVERSION = YES_AGGRESSIVE;
				CLANG_CXX_LANGUAGE_STANDARD = "gnu++14";
				CLANG_CXX_LIBRARY = "libc++";
				CLANG_ENABLE_MODULES = YES;
				CLANG_ENABLE_OBJC_ARC = YES;
				CLANG_WARN_BLOCK_CAPTURE_AUTORELEASING = YES;
				CLANG_WARN_BOOL_CONVERSION = YES;
				CLANG_WARN_COMMA = YES;
				CLANG_WARN_CONSTANT_CONVERSION = YES;
				CLANG_WARN_DIRECT_OBJC_ISA_USAGE = YES_ERROR;
				CLANG_WARN_DOCUMENTATION_COMMENTS = YES;
				CLANG_WARN_EMPTY_BODY = YES;
				CLANG_WARN_ENUM_CONVERSION = YES;
				CLANG_WARN_INFINITE_RECURSION = YES;
				CLANG_WARN_INT_CONVERSION = YES;
				CLANG_WARN_NON_LITERAL_NULL_CONVERSION = YES;
				CLANG_WARN_OBJC_LITERAL_CONVERSION = YES;
				CLANG_WARN_OBJC_ROOT_CLASS = YES_ERROR;
				CLANG_WARN_RANGE_LOOP_ANALYSIS = YES;
				CLANG_WARN_STRICT_PROTOTYPES = YES;
				CLANG_WARN_SUSPICIOUS_MOVE = YES;
				CLANG_WARN_UNGUARDED_AVAILABILITY = YES_AGGRESSIVE;
				CLANG_WARN_UNREACHABLE_CODE = YES;
				CLANG_WARN__DUPLICATE_METHOD_MATCH = YES;
				CODE_SIGN_IDENTITY = "iPhone Developer";
				COPY_PHASE_STRIP = NO;
				DEBUG_INFORMATION_FORMAT = "dwarf-with-dsym";
				ENABLE_NS_ASSERTIONS = NO;
				ENABLE_STRICT_OBJC_MSGSEND = YES;
				GCC_C_LANGUAGE_STANDARD = gnu11;
				GCC_NO_COMMON_BLOCKS = YES;
				GCC_WARN_64_TO_32_BIT_CONVERSION = YES;
				GCC_WARN_ABOUT_RETURN_TYPE = YES_ERROR;
				GCC_WARN_UNDECLARED_SELECTOR = YES;
				GCC_WARN_UNINITIALIZED_AUTOS = YES_AGGRESSIVE;
				GCC_WARN_UNUSED_FUNCTION = YES;
				GCC_WARN_UNUSED_VARIABLE = YES;
				IPHONEOS_DEPLOYMENT_TARGET = 11.0;
				MTL_ENABLE_DEBUG_INFO = NO;
				SDKROOT = iphoneos;
				VALIDATE_PRODUCT = YES;
			};
			name = Release;
		};
		2B6F39591FD02EFD0088F395 /* Debug */ = {
			isa = XCBuildConfiguration;
			baseConfigurationReference = 6C59B42ADA33183D02AE4349 /* Pods-GPUImageDemo.debug.xcconfig */;
			buildSettings = {
				ASSETCATALOG_COMPILER_APPICON_NAME = AppIcon;
				CODE_SIGN_STYLE = Automatic;
				DEVELOPMENT_TEAM = 9BQNL96S8U;
				INFOPLIST_FILE = GPUImageDemo/Info.plist;
				LD_RUNPATH_SEARCH_PATHS = "$(inherited) @executable_path/Frameworks";
				PRODUCT_BUNDLE_IDENTIFIER = com.GPUImageDemo;
				PRODUCT_NAME = "$(TARGET_NAME)";
				TARGETED_DEVICE_FAMILY = "1,2";
				USER_HEADER_SEARCH_PATHS = "${SRCROOT}";
			};
			name = Debug;
		};
		2B6F395A1FD02EFD0088F395 /* Release */ = {
			isa = XCBuildConfiguration;
			baseConfigurationReference = FBDD0CB2865227898F07A18B /* Pods-GPUImageDemo.release.xcconfig */;
			buildSettings = {
				ASSETCATALOG_COMPILER_APPICON_NAME = AppIcon;
				CODE_SIGN_STYLE = Automatic;
				DEVELOPMENT_TEAM = 9BQNL96S8U;
				INFOPLIST_FILE = GPUImageDemo/Info.plist;
				LD_RUNPATH_SEARCH_PATHS = "$(inherited) @executable_path/Frameworks";
				PRODUCT_BUNDLE_IDENTIFIER = com.GPUImageDemo;
				PRODUCT_NAME = "$(TARGET_NAME)";
				TARGETED_DEVICE_FAMILY = "1,2";
				USER_HEADER_SEARCH_PATHS = "${SRCROOT}";
			};
			name = Release;
		};
/* End XCBuildConfiguration section */

/* Begin XCConfigurationList section */
		2B6F393D1FD02EFD0088F395 /* Build configuration list for PBXProject "GPUImageDemo" */ = {
			isa = XCConfigurationList;
			buildConfigurations = (
				2B6F39561FD02EFD0088F395 /* Debug */,
				2B6F39571FD02EFD0088F395 /* Release */,
			);
			defaultConfigurationIsVisible = 0;
			defaultConfigurationName = Release;
		};
		2B6F39581FD02EFD0088F395 /* Build configuration list for PBXNativeTarget "GPUImageDemo" */ = {
			isa = XCConfigurationList;
			buildConfigurations = (
				2B6F39591FD02EFD0088F395 /* Debug */,
				2B6F395A1FD02EFD0088F395 /* Release */,
			);
			defaultConfigurationIsVisible = 0;
			defaultConfigurationName = Release;
		};
/* End XCConfigurationList section */
	};
	rootObject = 2B6F393A1FD02EFD0088F395 /* Project object */;
}
